// !$*UTF8*$!
{
    archiveVersion = 1;
    classes = {
    };
    objectVersion = 56;
    objects = {

/* Begin PBXBuildFile section */
        A23000000000000000000004 /* OnboardingComponents.swift in Sources */ = {isa = PBXBuildFile; fileRef = A23000000000000000000003 /* OnboardingComponents.swift */; };
        A23000000000000000000002 /* FirstFightOnboarding.swift in Sources */ = {isa = PBXBuildFile; fileRef = A23000000000000000000001 /* FirstFightOnboarding.swift */; };
        C12109202600000000000001 /* SpecialPurchases.swift in Sources */ = {isa = PBXBuildFile; fileRef = C12109202600000000000002 /* SpecialPurchases.swift */; };
        FB2026091621080000000001 /* FeedActivity.swift in Sources */ = {isa = PBXBuildFile; fileRef = FB2026091621080000000002 /* FeedActivity.swift */; };
        FB2026091702150000000001 /* FeedMention.swift in Sources */ = {isa = PBXBuildFile; fileRef = FB2026091702150000000002 /* FeedMention.swift */; };
        A10000000000000000000001 /* FitFightApp.swift in Sources */ = {isa = PBXBuildFile; fileRef = A10000000000000000000011 /* FitFightApp.swift */; };
        A10000000000000000000002 /* ContentView.swift in Sources */ = {isa = PBXBuildFile; fileRef = A10000000000000000000012 /* ContentView.swift */; };
        A10000000000000000000003 /* AppVersion.swift in Sources */ = {isa = PBXBuildFile; fileRef = A10000000000000000000013 /* AppVersion.swift */; };
        A10000000000000000000004 /* Assets.xcassets in Resources */ = {isa = PBXBuildFile; fileRef = A10000000000000000000014 /* Assets.xcassets */; };
        C10000000000000000000101 /* PreviewAssets.xcassets in Resources */ = {isa = PBXBuildFile; fileRef = C10000000000000000000100 /* PreviewAssets.xcassets */; };
        A10000000000000000000005 /* Changelog.swift in Sources */ = {isa = PBXBuildFile; fileRef = A10000000000000000000015 /* Changelog.swift */; };
        A10000000000000000000006 /* VersionsView.swift in Sources */ = {isa = PBXBuildFile; fileRef = A10000000000000000000016 /* VersionsView.swift */; };
        A10000000000000000000431 /* NotificationSettingsView.swift in Sources */ = {isa = PBXBuildFile; fileRef = A10000000000000000000430 /* NotificationSettingsView.swift */; };
        A10000000000000000000007 /* Theme.swift in Sources */ = {isa = PBXBuildFile; fileRef = A10000000000000000000017 /* Theme.swift */; };
        A10000000000000000000008 /* Components.swift in Sources */ = {isa = PBXBuildFile; fileRef = A10000000000000000000018 /* Components.swift */; };
        A100000000000000000000D5 /* AppChrome.swift in Sources */ = {isa = PBXBuildFile; fileRef = A100000000000000000000C5 /* AppChrome.swift */; };
        A100000000000000000000D2 /* Controls.swift in Sources */ = {isa = PBXBuildFile; fileRef = A100000000000000000000C2 /* Controls.swift */; };
        A100000000000000000000D3 /* DataViz.swift in Sources */ = {isa = PBXBuildFile; fileRef = A100000000000000000000C3 /* DataViz.swift */; };
        A100000000000000000000D4 /* DesignSystemView.swift in Sources */ = {isa = PBXBuildFile; fileRef = A100000000000000000000C4 /* DesignSystemView.swift */; };
        A10000000000000000000009 /* AppModel.swift in Sources */ = {isa = PBXBuildFile; fileRef = A10000000000000000000019 /* AppModel.swift */; };
        A10000000000000000000375 /* RemainingTime.swift in Sources */ = {isa = PBXBuildFile; fileRef = A10000000000000000000374 /* RemainingTime.swift */; };
        A10000000000000000000377 /* DailyStatusRecapView.swift in Sources */ = {isa = PBXBuildFile; fileRef = A10000000000000000000376 /* DailyStatusRecapView.swift */; };
        A1000000000000000000000A /* tokens.json in Resources */ = {isa = PBXBuildFile; fileRef = A1000000000000000000001A /* tokens.json */; };
        A1000000000000000000000B /* FightsListView.swift in Sources */ = {isa = PBXBuildFile; fileRef = A1000000000000000000001B /* FightsListView.swift */; };
        A1000000000000000000000C /* FightDetailView.swift in Sources */ = {isa = PBXBuildFile; fileRef = A1000000000000000000001C /* FightDetailView.swift */; };
        A1000000000000000000000D /* NewFightView.swift in Sources */ = {isa = PBXBuildFile; fileRef = A1000000000000000000001D /* NewFightView.swift */; };
        A10000000000000000000423 /* EditFightView.swift in Sources */ = {isa = PBXBuildFile; fileRef = A10000000000000000000422 /* EditFightView.swift */; };
        A10000000000000000000427 /* FightComposer.swift in Sources */ = {isa = PBXBuildFile; fileRef = A10000000000000000000426 /* FightComposer.swift */; };
        A1000000000000000000000F /* YouView.swift in Sources */ = {isa = PBXBuildFile; fileRef = A1000000000000000000001F /* YouView.swift */; };
        A10000000000000000000341 /* RequestsView.swift in Sources */ = {isa = PBXBuildFile; fileRef = A10000000000000000000340 /* RequestsView.swift */; };
        A10000000000000000000021 /* ScreenshotExport.swift in Sources */ = {isa = PBXBuildFile; fileRef = A10000000000000000000022 /* ScreenshotExport.swift */; };
        A100000000000000000000B2 /* Nunito-Medium.ttf in Resources */ = {isa = PBXBuildFile; fileRef = A100000000000000000000A2 /* Nunito-Medium.ttf */; };
        A100000000000000000000B3 /* Nunito-SemiBold.ttf in Resources */ = {isa = PBXBuildFile; fileRef = A100000000000000000000A3 /* Nunito-SemiBold.ttf */; };
        A100000000000000000000B4 /* Nunito-Bold.ttf in Resources */ = {isa = PBXBuildFile; fileRef = A100000000000000000000A4 /* Nunito-Bold.ttf */; };
        A100000000000000000000B5 /* Nunito-ExtraBold.ttf in Resources */ = {isa = PBXBuildFile; fileRef = A100000000000000000000A5 /* Nunito-ExtraBold.ttf */; };
        A100000000000000000000B7 /* Typography.swift in Sources */ = {isa = PBXBuildFile; fileRef = A100000000000000000000A7 /* Typography.swift */; };
        A10000000000000000000311 /* SupabaseConfig.swift in Sources */ = {isa = PBXBuildFile; fileRef = A10000000000000000000301 /* SupabaseConfig.swift */; };
        A10000000000000000000312 /* SessionStore.swift in Sources */ = {isa = PBXBuildFile; fileRef = A10000000000000000000302 /* SessionStore.swift */; };
        A10000000000000000000313 /* AppleSignInControl.swift in Sources */ = {isa = PBXBuildFile; fileRef = A10000000000000000000303 /* AppleSignInControl.swift */; };
        A10000000000000000000314 /* HealthKitStepsStore.swift in Sources */ = {isa = PBXBuildFile; fileRef = A10000000000000000000304 /* HealthKitStepsStore.swift */; };
        A10000000000000000000315 /* BuildEnv.swift in Sources */ = {isa = PBXBuildFile; fileRef = A10000000000000000000305 /* BuildEnv.swift */; };
        A10000000000000000000316 /* APIConfig.swift in Sources */ = {isa = PBXBuildFile; fileRef = A10000000000000000000306 /* APIConfig.swift */; };
        B91700000000000000000001 /* AIWorkflowRequest.swift in Sources */ = {isa = PBXBuildFile; fileRef = B91700000000000000000002 /* AIWorkflowRequest.swift */; };
        A10000000000000000000317 /* FitFightAPI.swift in Sources */ = {isa = PBXBuildFile; fileRef = A10000000000000000000307 /* FitFightAPI.swift */; };
        A10000000000000000000319 /* WelcomeView.swift in Sources */ = {isa = PBXBuildFile; fileRef = A10000000000000000000309 /* WelcomeView.swift */; };
        A1000000000000000000031B /* OnboardingView.swift in Sources */ = {isa = PBXBuildFile; fileRef = A1000000000000000000030B /* OnboardingView.swift */; };
        A1000000000000000000031C /* HealthKitStepAggregates.swift in Sources */ = {isa = PBXBuildFile; fileRef = A1000000000000000000030C /* HealthKitStepAggregates.swift */; };
        A1000000000000000000031D /* HealthKitUploadState.swift in Sources */ = {isa = PBXBuildFile; fileRef = A1000000000000000000030D /* HealthKitUploadState.swift */; };
        A1000000000000000000031E /* HealthKitTUSUploader.swift in Sources */ = {isa = PBXBuildFile; fileRef = A1000000000000000000030E /* HealthKitTUSUploader.swift */; };
        A1000000000000000000031F /* AppUpdateChecker.swift in Sources */ = {isa = PBXBuildFile; fileRef = A1000000000000000000030F /* AppUpdateChecker.swift */; };
        A10000000000000000000322 /* PrivacyInfo.xcprivacy in Resources */ = {isa = PBXBuildFile; fileRef = A10000000000000000000321 /* PrivacyInfo.xcprivacy */; };
        A10000000000000000000323 /* Localizable.xcstrings in Resources */ = {isa = PBXBuildFile; fileRef = A10000000000000000000325 /* Localizable.xcstrings */; };
        A10000000000000000000324 /* InfoPlist.xcstrings in Resources */ = {isa = PBXBuildFile; fileRef = A10000000000000000000326 /* InfoPlist.xcstrings */; };
        A1000000000000000000F002 /* Supabase in Frameworks */ = {isa = PBXBuildFile; productRef = A1000000000000000000F001 /* Supabase */; };
        A1000000000000000000F012 /* PostHog in Frameworks */ = {isa = PBXBuildFile; productRef = A1000000000000000000F011 /* PostHog */; };
        A10000000000000000000421 /* CrashReporting.swift in Sources */ = {isa = PBXBuildFile; fileRef = A10000000000000000000420 /* CrashReporting.swift */; };
        A10000000000000000000332 /* HealthKitSyncTrace.swift in Sources */ = {isa = PBXBuildFile; fileRef = A10000000000000000000331 /* HealthKitSyncTrace.swift */; };
        A10000000000000000000351 /* Profile.swift in Sources */ = {isa = PBXBuildFile; fileRef = A10000000000000000000350 /* Profile.swift */; };
        A10000000000000000000353 /* FightSnapshot.swift in Sources */ = {isa = PBXBuildFile; fileRef = A10000000000000000000352 /* FightSnapshot.swift */; };
        C87245427B08466399BDF753 /* FightLiveUpdates.swift in Sources */ = {isa = PBXBuildFile; fileRef = A6D25D785CDA4BEDA804E80C /* FightLiveUpdates.swift */; };
        A10000000000000000000361 /* Media.swift in Sources */ = {isa = PBXBuildFile; fileRef = A10000000000000000000360 /* Media.swift */; };
        A10000000000000000000363 /* MediaUploader.swift in Sources */ = {isa = PBXBuildFile; fileRef = A10000000000000000000362 /* MediaUploader.swift */; };
        A10000000000000000000365 /* FeedView.swift in Sources */ = {isa = PBXBuildFile; fileRef = A10000000000000000000364 /* FeedView.swift */; };
        A10000000000000000000433 /* TextTranslationButton.swift in Sources */ = {isa = PBXBuildFile; fileRef = A10000000000000000000432 /* TextTranslationButton.swift */; };
        A10000000000000000000425 /* FeedbackTabView.swift in Sources */ = {isa = PBXBuildFile; fileRef = A10000000000000000000424 /* FeedbackTabView.swift */; };
        A10000000000000000000367 /* HealthOnboardingView.swift in Sources */ = {isa = PBXBuildFile; fileRef = A10000000000000000000366 /* HealthOnboardingView.swift */; };
        A10000000000000000000369 /* FightDayCharts.swift in Sources */ = {isa = PBXBuildFile; fileRef = A10000000000000000000368 /* FightDayCharts.swift */; };
        A10000000000000000000371 /* HealthKitActivityAggregates.swift in Sources */ = {isa = PBXBuildFile; fileRef = A10000000000000000000370 /* HealthKitActivityAggregates.swift */; };
        A10000000000000000000373 /* FightPostThread.swift in Sources */ = {isa = PBXBuildFile; fileRef = A10000000000000000000372 /* FightPostThread.swift */; };
        A10000000000000000000379 /* PushNotificationService.swift in Sources */ = {isa = PBXBuildFile; fileRef = A10000000000000000000378 /* PushNotificationService.swift */; };
        A10000000000000000000381 /* NotificationOnboardingView.swift in Sources */ = {isa = PBXBuildFile; fileRef = A10000000000000000000380 /* NotificationOnboardingView.swift */; };
        A10000000000000000000383 /* DebugMenuView.swift in Sources */ = {isa = PBXBuildFile; fileRef = A10000000000000000000382 /* DebugMenuView.swift */; };
        A10000000000000000000385 /* OnboardingPreviewView.swift in Sources */ = {isa = PBXBuildFile; fileRef = A10000000000000000000384 /* OnboardingPreviewView.swift */; };
        A10000000000000000000389 /* FeedbackClientMetadata.swift in Sources */ = {isa = PBXBuildFile; fileRef = A10000000000000000000388 /* FeedbackClientMetadata.swift */; };
        A10000000000000000000401 /* CompanionViews.swift in Sources */ = {isa = PBXBuildFile; fileRef = A10000000000000000000400 /* CompanionViews.swift */; };
        A10000000000000000000403 /* CompanionPreview.swift in Sources */ = {isa = PBXBuildFile; fileRef = A10000000000000000000402 /* CompanionPreview.swift */; };
        A10000000000000000000411 /* RemoteImageCache.swift in Sources */ = {isa = PBXBuildFile; fileRef = A10000000000000000000410 /* RemoteImageCache.swift */; };
        A10000000000000000000413 /* RemoteImage.swift in Sources */ = {isa = PBXBuildFile; fileRef = A10000000000000000000412 /* RemoteImage.swift */; };
        A10000000000000000000415 /* SlideHaptics.swift in Sources */ = {isa = PBXBuildFile; fileRef = A10000000000000000000414 /* SlideHaptics.swift */; };
        A10000000000000000000417 /* SlideHapticsLabView.swift in Sources */ = {isa = PBXBuildFile; fileRef = A10000000000000000000416 /* SlideHapticsLabView.swift */; };
        923EA6A21D2D4018B21AFFD9 /* AppLocalization.swift in Sources */ = {isa = PBXBuildFile; fileRef = 77DE13D2DDFE478AAAB22CF3 /* AppLocalization.swift */; };
        68E2E713C10A455189C0B48A /* AccountPreferences.swift in Sources */ = {isa = PBXBuildFile; fileRef = B6E9D16C6C534B559C8F0679 /* AccountPreferences.swift */; };
        E8935CD58CBF4714874982FC /* PreferencesView.swift in Sources */ = {isa = PBXBuildFile; fileRef = 798E70F7F8A9400EBBF0C8B0 /* PreferencesView.swift */; };
        093BD4214450F0E24E960170 /* SharedProfile.swift in Sources */ = {isa = PBXBuildFile; fileRef = D6E984145AFCC236130CABCD /* SharedProfile.swift */; };
        C52EBF93D4D91888A73FA9FA /* ProfileScreenStore.swift in Sources */ = {isa = PBXBuildFile; fileRef = F63B0748E91625E789AE99FD /* ProfileScreenStore.swift */; };
        5893F862B25C0EBA522F8DFA /* ProfileSheet.swift in Sources */ = {isa = PBXBuildFile; fileRef = 1A1FE342B3DFF37CEFC227E1 /* ProfileSheet.swift */; };
        AA532C5D188C47359C573714 /* ProfileStepStatisticsView.swift in Sources */ = {isa = PBXBuildFile; fileRef = 7F6BE97D8DAC482CA45D6032 /* ProfileStepStatisticsView.swift */; };
        99AAAB8BD6F184E568149D1D /* EditProfileView.swift in Sources */ = {isa = PBXBuildFile; fileRef = 41EE371C708EECCC762EB820 /* EditProfileView.swift */; };
        61856F7155495A28A4B93A60 /* FriendsView.swift in Sources */ = {isa = PBXBuildFile; fileRef = 2C2AC1044B8F11786123D48E /* FriendsView.swift */; };
        A0573E386FD2FA2A4A357CC4 /* SuggestedFightsOnboardingView.swift in Sources */ = {isa = PBXBuildFile; fileRef = 7AD1CDE4182F6C6E52321063 /* SuggestedFightsOnboardingView.swift */; };
        FF2026092000000000000001 /* NotificationService.swift in Sources */ = {isa = PBXBuildFile; fileRef = FF2026092000000000000002; };
        FF2026092000000000000003 /* FitFightNotificationService.appex in Embed App Extensions */ = {isa = PBXBuildFile; fileRef = FF2026092000000000000004; settings = {ATTRIBUTES = (RemoveHeadersOnCopy, ); }; };
        B91800000000000000000001 /* AICompanionStore.swift in Sources */ = {isa = PBXBuildFile; fileRef = B91800000000000000000002 /* AICompanionStore.swift */; };
        B91800000000000000000003 /* AICompanionView.swift in Sources */ = {isa = PBXBuildFile; fileRef = B91800000000000000000004 /* AICompanionView.swift */; };
        B71900000000000000000100 /* GoogleSignInConfig.swift in Sources */ = {isa = PBXBuildFile; fileRef = B71900000000000000000000 /* GoogleSignInConfig.swift */; };
        B71900000000000000000101 /* SignInControls.swift in Sources */ = {isa = PBXBuildFile; fileRef = B71900000000000000000001 /* SignInControls.swift */; };
        B71900000000000000000E01 /* GoogleSignIn in Frameworks */ = {isa = PBXBuildFile; productRef = B71900000000000000000F01 /* GoogleSignIn */; };
        B71900000000000000000300 /* GoogleSans.ttf in Resources */ = {isa = PBXBuildFile; fileRef = B71900000000000000000200 /* GoogleSans.ttf */; };
        B71900000000000000000301 /* GoogleSans-OFL.txt in Resources */ = {isa = PBXBuildFile; fileRef = B71900000000000000000201 /* GoogleSans-OFL.txt */; };
/* End PBXBuildFile section */

/* Begin PBXContainerItemProxy section */
        FF2026092000000000000006 = {isa = PBXContainerItemProxy; containerPortal = A10000000000000000000060; proxyType = 1; remoteGlobalIDString = FF202609200000000000000A; remoteInfo = FitFightNotificationService; };
/* End PBXContainerItemProxy section */

/* Begin PBXCopyFilesBuildPhase section */
        FF2026092000000000000007 /* Embed App Extensions */ = {isa = PBXCopyFilesBuildPhase; buildActionMask = 2147483647; dstPath = ""; dstSubfolderSpec = 13; files = (FF2026092000000000000003, ); name = "Embed App Extensions"; runOnlyForDeploymentPostprocessing = 0; };
/* End PBXCopyFilesBuildPhase section */

/* Begin PBXFileReference section */
        A23000000000000000000003 /* OnboardingComponents.swift */ = {isa = PBXFileReference; lastKnownFileType = sourcecode.swift; path = OnboardingComponents.swift; sourceTree = "<group>"; };
        A23000000000000000000001 /* FirstFightOnboarding.swift */ = {isa = PBXFileReference; lastKnownFileType = sourcecode.swift; path = FirstFightOnboarding.swift; sourceTree = "<group>"; };
        C12109202600000000000002 /* SpecialPurchases.swift */ = {isa = PBXFileReference; lastKnownFileType = sourcecode.swift; path = SpecialPurchases.swift; sourceTree = "<group>"; };
        FB2026091621080000000002 /* FeedActivity.swift */ = {isa = PBXFileReference; lastKnownFileType = sourcecode.swift; path = FeedActivity.swift; sourceTree = "<group>"; };
        FB2026091702150000000002 /* FeedMention.swift */ = {isa = PBXFileReference; lastKnownFileType = sourcecode.swift; path = FeedMention.swift; sourceTree = "<group>"; };
        A10000000000000000000010 /* FitFight.app */ = {isa = PBXFileReference; explicitFileType = wrapper.application; includeInIndex = 0; path = FitFight.app; sourceTree = BUILT_PRODUCTS_DIR; };
        A10000000000000000000011 /* FitFightApp.swift */ = {isa = PBXFileReference; lastKnownFileType = sourcecode.swift; path = FitFightApp.swift; sourceTree = "<group>"; };
        A10000000000000000000012 /* ContentView.swift */ = {isa = PBXFileReference; lastKnownFileType = sourcecode.swift; path = ContentView.swift; sourceTree = "<group>"; };
        A10000000000000000000013 /* AppVersion.swift */ = {isa = PBXFileReference; lastKnownFileType = sourcecode.swift; path = AppVersion.swift; sourceTree = "<group>"; };
        A10000000000000000000014 /* Assets.xcassets */ = {isa = PBXFileReference; lastKnownFileType = folder.assetcatalog; path = Assets.xcassets; sourceTree = "<group>"; };
        C10000000000000000000100 /* PreviewAssets.xcassets */ = {isa = PBXFileReference; lastKnownFileType = folder.assetcatalog; path = PreviewAssets.xcassets; sourceTree = "<group>"; };
        A10000000000000000000015 /* Changelog.swift */ = {isa = PBXFileReference; lastKnownFileType = sourcecode.swift; path = Changelog.swift; sourceTree = "<group>"; };
        A10000000000000000000016 /* VersionsView.swift */ = {isa = PBXFileReference; lastKnownFileType = sourcecode.swift; path = VersionsView.swift; sourceTree = "<group>"; };
        A10000000000000000000430 /* NotificationSettingsView.swift */ = {isa = PBXFileReference; lastKnownFileType = sourcecode.swift; path = NotificationSettingsView.swift; sourceTree = "<group>"; };
        A10000000000000000000017 /* Theme.swift */ = {isa = PBXFileReference; lastKnownFileType = sourcecode.swift; path = Theme.swift; sourceTree = "<group>"; };
        A10000000000000000000018 /* Components.swift */ = {isa = PBXFileReference; lastKnownFileType = sourcecode.swift; path = Components.swift; sourceTree = "<group>"; };
        A100000000000000000000C5 /* AppChrome.swift */ = {isa = PBXFileReference; lastKnownFileType = sourcecode.swift; path = AppChrome.swift; sourceTree = "<group>"; };
        A100000000000000000000C2 /* Controls.swift */ = {isa = PBXFileReference; lastKnownFileType = sourcecode.swift; path = Controls.swift; sourceTree = "<group>"; };
        A100000000000000000000C3 /* DataViz.swift */ = {isa = PBXFileReference; lastKnownFileType = sourcecode.swift; path = DataViz.swift; sourceTree = "<group>"; };
        A100000000000000000000C4 /* DesignSystemView.swift */ = {isa = PBXFileReference; lastKnownFileType = sourcecode.swift; path = DesignSystemView.swift; sourceTree = "<group>"; };
        A10000000000000000000019 /* AppModel.swift */ = {isa = PBXFileReference; lastKnownFileType = sourcecode.swift; path = AppModel.swift; sourceTree = "<group>"; };
        A10000000000000000000374 /* RemainingTime.swift */ = {isa = PBXFileReference; lastKnownFileType = sourcecode.swift; path = RemainingTime.swift; sourceTree = "<group>"; };
        A10000000000000000000376 /* DailyStatusRecapView.swift */ = {isa = PBXFileReference; lastKnownFileType = sourcecode.swift; path = DailyStatusRecapView.swift; sourceTree = "<group>"; };
        A10000000000000000000378 /* PushNotificationService.swift */ = {isa = PBXFileReference; lastKnownFileType = sourcecode.swift; path = PushNotificationService.swift; sourceTree = "<group>"; };
        A10000000000000000000380 /* NotificationOnboardingView.swift */ = {isa = PBXFileReference; lastKnownFileType = sourcecode.swift; path = NotificationOnboardingView.swift; sourceTree = "<group>"; };
        A10000000000000000000382 /* DebugMenuView.swift */ = {isa = PBXFileReference; lastKnownFileType = sourcecode.swift; path = DebugMenuView.swift; sourceTree = "<group>"; };
        A10000000000000000000384 /* OnboardingPreviewView.swift */ = {isa = PBXFileReference; lastKnownFileType = sourcecode.swift; path = OnboardingPreviewView.swift; sourceTree = "<group>"; };
        A10000000000000000000388 /* FeedbackClientMetadata.swift */ = {isa = PBXFileReference; lastKnownFileType = sourcecode.swift; path = FeedbackClientMetadata.swift; sourceTree = "<group>"; };
        A1000000000000000000001A /* tokens.json */ = {isa = PBXFileReference; lastKnownFileType = text.json; path = tokens.json; sourceTree = "<group>"; };
        A1000000000000000000001B /* FightsListView.swift */ = {isa = PBXFileReference; lastKnownFileType = sourcecode.swift; path = FightsListView.swift; sourceTree = "<group>"; };
        A1000000000000000000001C /* FightDetailView.swift */ = {isa = PBXFileReference; lastKnownFileType = sourcecode.swift; path = FightDetailView.swift; sourceTree = "<group>"; };
        A1000000000000000000001D /* NewFightView.swift */ = {isa = PBXFileReference; lastKnownFileType = sourcecode.swift; path = NewFightView.swift; sourceTree = "<group>"; };
        A10000000000000000000422 /* EditFightView.swift */ = {isa = PBXFileReference; lastKnownFileType = sourcecode.swift; path = EditFightView.swift; sourceTree = "<group>"; };
        A10000000000000000000426 /* FightComposer.swift */ = {isa = PBXFileReference; lastKnownFileType = sourcecode.swift; path = FightComposer.swift; sourceTree = "<group>"; };
        A1000000000000000000001F /* YouView.swift */ = {isa = PBXFileReference; lastKnownFileType = sourcecode.swift; path = YouView.swift; sourceTree = "<group>"; };
        A10000000000000000000340 /* RequestsView.swift */ = {isa = PBXFileReference; lastKnownFileType = sourcecode.swift; path = RequestsView.swift; sourceTree = "<group>"; };
        A10000000000000000000022 /* ScreenshotExport.swift */ = {isa = PBXFileReference; lastKnownFileType = sourcecode.swift; path = ScreenshotExport.swift; sourceTree = "<group>"; };
        A100000000000000000000A2 /* Nunito-Medium.ttf */ = {isa = PBXFileReference; lastKnownFileType = file; path = Nunito-Medium.ttf; sourceTree = "<group>"; };
        A100000000000000000000A3 /* Nunito-SemiBold.ttf */ = {isa = PBXFileReference; lastKnownFileType = file; path = Nunito-SemiBold.ttf; sourceTree = "<group>"; };
        A100000000000000000000A4 /* Nunito-Bold.ttf */ = {isa = PBXFileReference; lastKnownFileType = file; path = Nunito-Bold.ttf; sourceTree = "<group>"; };
        A100000000000000000000A5 /* Nunito-ExtraBold.ttf */ = {isa = PBXFileReference; lastKnownFileType = file; path = Nunito-ExtraBold.ttf; sourceTree = "<group>"; };
        A100000000000000000000A7 /* Typography.swift */ = {isa = PBXFileReference; lastKnownFileType = sourcecode.swift; path = Typography.swift; sourceTree = "<group>"; };
        A10000000000000000000301 /* SupabaseConfig.swift */ = {isa = PBXFileReference; lastKnownFileType = sourcecode.swift; path = SupabaseConfig.swift; sourceTree = "<group>"; };
        A10000000000000000000302 /* SessionStore.swift */ = {isa = PBXFileReference; lastKnownFileType = sourcecode.swift; path = SessionStore.swift; sourceTree = "<group>"; };
        A10000000000000000000303 /* AppleSignInControl.swift */ = {isa = PBXFileReference; lastKnownFileType = sourcecode.swift; path = AppleSignInControl.swift; sourceTree = "<group>"; };
        A10000000000000000000304 /* HealthKitStepsStore.swift */ = {isa = PBXFileReference; lastKnownFileType = sourcecode.swift; path = HealthKitStepsStore.swift; sourceTree = "<group>"; };
        A10000000000000000000305 /* BuildEnv.swift */ = {isa = PBXFileReference; lastKnownFileType = sourcecode.swift; path = Generated/BuildEnv.swift; sourceTree = "<group>"; };
        A10000000000000000000306 /* APIConfig.swift */ = {isa = PBXFileReference; lastKnownFileType = sourcecode.swift; path = APIConfig.swift; sourceTree = "<group>"; };
        B91700000000000000000002 /* AIWorkflowRequest.swift */ = {isa = PBXFileReference; lastKnownFileType = sourcecode.swift; path = AIWorkflowRequest.swift; sourceTree = "<group>"; };
        A10000000000000000000307 /* FitFightAPI.swift */ = {isa = PBXFileReference; lastKnownFileType = sourcecode.swift; path = FitFightAPI.swift; sourceTree = "<group>"; };
        A10000000000000000000309 /* WelcomeView.swift */ = {isa = PBXFileReference; lastKnownFileType = sourcecode.swift; path = WelcomeView.swift; sourceTree = "<group>"; };
        A1000000000000000000030B /* OnboardingView.swift */ = {isa = PBXFileReference; lastKnownFileType = sourcecode.swift; path = OnboardingView.swift; sourceTree = "<group>"; };
        A1000000000000000000030C /* HealthKitStepAggregates.swift */ = {isa = PBXFileReference; lastKnownFileType = sourcecode.swift; path = HealthKitStepAggregates.swift; sourceTree = "<group>"; };
        A1000000000000000000030D /* HealthKitUploadState.swift */ = {isa = PBXFileReference; lastKnownFileType = sourcecode.swift; path = HealthKitUploadState.swift; sourceTree = "<group>"; };
        A1000000000000000000030E /* HealthKitTUSUploader.swift */ = {isa = PBXFileReference; lastKnownFileType = sourcecode.swift; path = HealthKitTUSUploader.swift; sourceTree = "<group>"; };
        A1000000000000000000030F /* AppUpdateChecker.swift */ = {isa = PBXFileReference; lastKnownFileType = sourcecode.swift; path = AppUpdateChecker.swift; sourceTree = "<group>"; };
        A10000000000000000000320 /* FitFight.entitlements */ = {isa = PBXFileReference; lastKnownFileType = text.plist.entitlements; path = FitFight.entitlements; sourceTree = "<group>"; };
        A10000000000000000000321 /* PrivacyInfo.xcprivacy */ = {isa = PBXFileReference; lastKnownFileType = text.xml; path = PrivacyInfo.xcprivacy; sourceTree = "<group>"; };
        A10000000000000000000325 /* Localizable.xcstrings */ = {isa = PBXFileReference; lastKnownFileType = text.json.xcstrings; path = Localizable.xcstrings; sourceTree = "<group>"; };
        A10000000000000000000326 /* InfoPlist.xcstrings */ = {isa = PBXFileReference; lastKnownFileType = text.json.xcstrings; path = InfoPlist.xcstrings; sourceTree = "<group>"; };
        A10000000000000000000331 /* HealthKitSyncTrace.swift */ = {isa = PBXFileReference; lastKnownFileType = sourcecode.swift; path = HealthKitSyncTrace.swift; sourceTree = "<group>"; };
        A10000000000000000000350 /* Profile.swift */ = {isa = PBXFileReference; lastKnownFileType = sourcecode.swift; path = Profile.swift; sourceTree = "<group>"; };
        A10000000000000000000352 /* FightSnapshot.swift */ = {isa = PBXFileReference; lastKnownFileType = sourcecode.swift; path = FightSnapshot.swift; sourceTree = "<group>"; };
        A6D25D785CDA4BEDA804E80C /* FightLiveUpdates.swift */ = {isa = PBXFileReference; lastKnownFileType = sourcecode.swift; path = FightLiveUpdates.swift; sourceTree = "<group>"; };
        A10000000000000000000360 /* Media.swift */ = {isa = PBXFileReference; lastKnownFileType = sourcecode.swift; path = Media.swift; sourceTree = "<group>"; };
        A10000000000000000000362 /* MediaUploader.swift */ = {isa = PBXFileReference; lastKnownFileType = sourcecode.swift; path = MediaUploader.swift; sourceTree = "<group>"; };
        A10000000000000000000364 /* FeedView.swift */ = {isa = PBXFileReference; lastKnownFileType = sourcecode.swift; path = FeedView.swift; sourceTree = "<group>"; };
        A10000000000000000000432 /* TextTranslationButton.swift */ = {isa = PBXFileReference; lastKnownFileType = sourcecode.swift; path = TextTranslationButton.swift; sourceTree = "<group>"; };
        A10000000000000000000424 /* FeedbackTabView.swift */ = {isa = PBXFileReference; lastKnownFileType = sourcecode.swift; path = FeedbackTabView.swift; sourceTree = "<group>"; };
        A10000000000000000000366 /* HealthOnboardingView.swift */ = {isa = PBXFileReference; lastKnownFileType = sourcecode.swift; path = HealthOnboardingView.swift; sourceTree = "<group>"; };
        A10000000000000000000368 /* FightDayCharts.swift */ = {isa = PBXFileReference; lastKnownFileType = sourcecode.swift; path = FightDayCharts.swift; sourceTree = "<group>"; };
        A10000000000000000000370 /* HealthKitActivityAggregates.swift */ = {isa = PBXFileReference; lastKnownFileType = sourcecode.swift; path = HealthKitActivityAggregates.swift; sourceTree = "<group>"; };
        A10000000000000000000372 /* FightPostThread.swift */ = {isa = PBXFileReference; lastKnownFileType = sourcecode.swift; path = FightPostThread.swift; sourceTree = "<group>"; };
        A10000000000000000000400 /* CompanionViews.swift */ = {isa = PBXFileReference; lastKnownFileType = sourcecode.swift; path = CompanionViews.swift; sourceTree = "<group>"; };
        A10000000000000000000402 /* CompanionPreview.swift */ = {isa = PBXFileReference; lastKnownFileType = sourcecode.swift; path = CompanionPreview.swift; sourceTree = "<group>"; };
        A10000000000000000000410 /* RemoteImageCache.swift */ = {isa = PBXFileReference; lastKnownFileType = sourcecode.swift; path = RemoteImageCache.swift; sourceTree = "<group>"; };
        A10000000000000000000412 /* RemoteImage.swift */ = {isa = PBXFileReference; lastKnownFileType = sourcecode.swift; path = RemoteImage.swift; sourceTree = "<group>"; };
        A10000000000000000000414 /* SlideHaptics.swift */ = {isa = PBXFileReference; lastKnownFileType = sourcecode.swift; path = SlideHaptics.swift; sourceTree = "<group>"; };
        A10000000000000000000416 /* SlideHapticsLabView.swift */ = {isa = PBXFileReference; lastKnownFileType = sourcecode.swift; path = SlideHapticsLabView.swift; sourceTree = "<group>"; };
        A10000000000000000000420 /* CrashReporting.swift */ = {isa = PBXFileReference; lastKnownFileType = sourcecode.swift; path = CrashReporting.swift; sourceTree = "<group>"; };
        77DE13D2DDFE478AAAB22CF3 /* AppLocalization.swift */ = {isa = PBXFileReference; lastKnownFileType = sourcecode.swift; path = AppLocalization.swift; sourceTree = "<group>"; };
        B6E9D16C6C534B559C8F0679 /* AccountPreferences.swift */ = {isa = PBXFileReference; lastKnownFileType = sourcecode.swift; path = AccountPreferences.swift; sourceTree = "<group>"; };
        798E70F7F8A9400EBBF0C8B0 /* PreferencesView.swift */ = {isa = PBXFileReference; lastKnownFileType = sourcecode.swift; path = PreferencesView.swift; sourceTree = "<group>"; };
        D6E984145AFCC236130CABCD /* SharedProfile.swift */ = {isa = PBXFileReference; lastKnownFileType = sourcecode.swift; path = SharedProfile.swift; sourceTree = "<group>"; };
        F63B0748E91625E789AE99FD /* ProfileScreenStore.swift */ = {isa = PBXFileReference; lastKnownFileType = sourcecode.swift; path = ProfileScreenStore.swift; sourceTree = "<group>"; };
        1A1FE342B3DFF37CEFC227E1 /* ProfileSheet.swift */ = {isa = PBXFileReference; lastKnownFileType = sourcecode.swift; path = ProfileSheet.swift; sourceTree = "<group>"; };
        7F6BE97D8DAC482CA45D6032 /* ProfileStepStatisticsView.swift */ = {isa = PBXFileReference; lastKnownFileType = sourcecode.swift; path = ProfileStepStatisticsView.swift; sourceTree = "<group>"; };
        41EE371C708EECCC762EB820 /* EditProfileView.swift */ = {isa = PBXFileReference; lastKnownFileType = sourcecode.swift; path = EditProfileView.swift; sourceTree = "<group>"; };
        2C2AC1044B8F11786123D48E /* FriendsView.swift */ = {isa = PBXFileReference; lastKnownFileType = sourcecode.swift; path = FriendsView.swift; sourceTree = "<group>"; };
        7AD1CDE4182F6C6E52321063 /* SuggestedFightsOnboardingView.swift */ = {isa = PBXFileReference; lastKnownFileType = sourcecode.swift; path = SuggestedFightsOnboardingView.swift; sourceTree = "<group>"; };
        FF2026092000000000000002 /* NotificationService.swift */ = {isa = PBXFileReference; lastKnownFileType = sourcecode.swift; path = NotificationService.swift; sourceTree = "<group>"; };
        FF2026092000000000000004 /* FitFightNotificationService.appex */ = {isa = PBXFileReference; explicitFileType = "wrapper.app-extension"; includeInIndex = 0; path = FitFightNotificationService.appex; sourceTree = BUILT_PRODUCTS_DIR; };
        FF2026092000000000000005 /* Info.plist */ = {isa = PBXFileReference; lastKnownFileType = text.plist.xml; path = Info.plist; sourceTree = "<group>"; };
        B91800000000000000000002 /* AICompanionStore.swift */ = {isa = PBXFileReference; lastKnownFileType = sourcecode.swift; path = AICompanionStore.swift; sourceTree = "<group>"; };
        B91800000000000000000004 /* AICompanionView.swift */ = {isa = PBXFileReference; lastKnownFileType = sourcecode.swift; path = AICompanionView.swift; sourceTree = "<group>"; };
        B71900000000000000000000 /* GoogleSignInConfig.swift */ = {isa = PBXFileReference; lastKnownFileType = sourcecode.swift; path = GoogleSignInConfig.swift; sourceTree = "<group>"; };
        B71900000000000000000001 /* SignInControls.swift */ = {isa = PBXFileReference; lastKnownFileType = sourcecode.swift; path = SignInControls.swift; sourceTree = "<group>"; };
        B71900000000000000000002 /* Info.plist */ = {isa = PBXFileReference; lastKnownFileType = text.plist.xml; path = Info.plist; sourceTree = "<group>"; };
        B71900000000000000000200 /* GoogleSans.ttf */ = {isa = PBXFileReference; lastKnownFileType = file; path = "GoogleSans.ttf"; sourceTree = "<group>"; };
        B71900000000000000000201 /* GoogleSans-OFL.txt */ = {isa = PBXFileReference; lastKnownFileType = file; path = "GoogleSans-OFL.txt"; sourceTree = "<group>"; };
/* End PBXFileReference section */

/* Begin PBXFrameworksBuildPhase section */
        A10000000000000000000020 /* Frameworks */ = {
            isa = PBXFrameworksBuildPhase;
            buildActionMask = 2147483647;
            files = (
                A1000000000000000000F002 /* Supabase in Frameworks */,
                B71900000000000000000E01 /* GoogleSignIn in Frameworks */,
                A1000000000000000000F012 /* PostHog in Frameworks */,
            );
            runOnlyForDeploymentPostprocessing = 0;
        };
/* End PBXFrameworksBuildPhase section */

/* Begin PBXGroup section */
        A10000000000000000000030 /* FitFight */ = {
            isa = PBXGroup;
            children = (
                C12109202600000000000002 /* SpecialPurchases.swift */,
                A10000000000000000000011 /* FitFightApp.swift */,
                A10000000000000000000012 /* ContentView.swift */,
                A10000000000000000000019 /* AppModel.swift */,
                A10000000000000000000402 /* CompanionPreview.swift */,
                A10000000000000000000400 /* CompanionViews.swift */,
                A10000000000000000000374 /* RemainingTime.swift */,
                A10000000000000000000376 /* DailyStatusRecapView.swift */,
                A10000000000000000000378 /* PushNotificationService.swift */,
                A1000000000000000000001B /* FightsListView.swift */,
                A1000000000000000000001C /* FightDetailView.swift */,
                A10000000000000000000368 /* FightDayCharts.swift */,
                A1000000000000000000001D /* NewFightView.swift */,
                A10000000000000000000422 /* EditFightView.swift */,
                A10000000000000000000426 /* FightComposer.swift */,
                A1000000000000000000001F /* YouView.swift */,
                A10000000000000000000340 /* RequestsView.swift */,
                A10000000000000000000301 /* SupabaseConfig.swift */,
                A10000000000000000000305 /* BuildEnv.swift */,
                A10000000000000000000420 /* CrashReporting.swift */,
                A10000000000000000000306 /* APIConfig.swift */,
                A10000000000000000000307 /* FitFightAPI.swift */,
                B91700000000000000000002 /* AIWorkflowRequest.swift */,
                B91800000000000000000004 /* AICompanionView.swift */,
                B91800000000000000000002 /* AICompanionStore.swift */,
                A10000000000000000000388 /* FeedbackClientMetadata.swift */,
                A10000000000000000000350 /* Profile.swift */,
                77DE13D2DDFE478AAAB22CF3 /* AppLocalization.swift */,
                B6E9D16C6C534B559C8F0679 /* AccountPreferences.swift */,
                798E70F7F8A9400EBBF0C8B0 /* PreferencesView.swift */,
                7AD1CDE4182F6C6E52321063 /* SuggestedFightsOnboardingView.swift */,
                2C2AC1044B8F11786123D48E /* FriendsView.swift */,
                41EE371C708EECCC762EB820 /* EditProfileView.swift */,
                1A1FE342B3DFF37CEFC227E1 /* ProfileSheet.swift */,
                7F6BE97D8DAC482CA45D6032 /* ProfileStepStatisticsView.swift */,
                F63B0748E91625E789AE99FD /* ProfileScreenStore.swift */,
                D6E984145AFCC236130CABCD /* SharedProfile.swift */,
                A10000000000000000000352 /* FightSnapshot.swift */,
                A6D25D785CDA4BEDA804E80C /* FightLiveUpdates.swift */,
                A10000000000000000000360 /* Media.swift */,
                A10000000000000000000362 /* MediaUploader.swift */,
                A10000000000000000000410 /* RemoteImageCache.swift */,
                A10000000000000000000412 /* RemoteImage.swift */,
                A10000000000000000000364 /* FeedView.swift */,
                FB2026091621080000000002 /* FeedActivity.swift */,
                FB2026091702150000000002 /* FeedMention.swift */,
                A10000000000000000000432 /* TextTranslationButton.swift */,
                A10000000000000000000424 /* FeedbackTabView.swift */,
                A10000000000000000000372 /* FightPostThread.swift */,
                A10000000000000000000366 /* HealthOnboardingView.swift */,
                A10000000000000000000380 /* NotificationOnboardingView.swift */,
                A10000000000000000000384 /* OnboardingPreviewView.swift */,
                A10000000000000000000416 /* SlideHapticsLabView.swift */,
                A10000000000000000000302 /* SessionStore.swift */,
                A10000000000000000000303 /* AppleSignInControl.swift */,
                B71900000000000000000002 /* Info.plist */,
                B71900000000000000000001 /* SignInControls.swift */,
                B71900000000000000000000 /* GoogleSignInConfig.swift */,
                A10000000000000000000309 /* WelcomeView.swift */,
                A1000000000000000000030B /* OnboardingView.swift */,
                A23000000000000000000003 /* OnboardingComponents.swift */,
                A23000000000000000000001 /* FirstFightOnboarding.swift */,
                A10000000000000000000304 /* HealthKitStepsStore.swift */,
                A1000000000000000000030C /* HealthKitStepAggregates.swift */,
                A10000000000000000000370 /* HealthKitActivityAggregates.swift */,
                A10000000000000000000331 /* HealthKitSyncTrace.swift */,
                A1000000000000000000030D /* HealthKitUploadState.swift */,
                A1000000000000000000030E /* HealthKitTUSUploader.swift */,
                A10000000000000000000013 /* AppVersion.swift */,
                A1000000000000000000030F /* AppUpdateChecker.swift */,
                A10000000000000000000015 /* Changelog.swift */,
                A10000000000000000000016 /* VersionsView.swift */,
                A10000000000000000000430 /* NotificationSettingsView.swift */,
                A10000000000000000000382 /* DebugMenuView.swift */,
                A10000000000000000000022 /* ScreenshotExport.swift */,
                A10000000000000000000320 /* FitFight.entitlements */,
                A10000000000000000000321 /* PrivacyInfo.xcprivacy */,
                A10000000000000000000325 /* Localizable.xcstrings */,
                A10000000000000000000326 /* InfoPlist.xcstrings */,
                A10000000000000000000033 /* DesignSystem */,
                A100000000000000000000C0 /* Fonts */,
                A10000000000000000000014 /* Assets.xcassets */,
                C10000000000000000000100 /* PreviewAssets.xcassets */,
            );
            path = FitFight;
            sourceTree = "<group>";
        };
        A10000000000000000000033 /* DesignSystem */ = {
            isa = PBXGroup;
            children = (
                A1000000000000000000001A /* tokens.json */,
                A10000000000000000000017 /* Theme.swift */,
                A10000000000000000000018 /* Components.swift */,
                A10000000000000000000414 /* SlideHaptics.swift */,
                A100000000000000000000C5 /* AppChrome.swift */,
                A100000000000000000000C2 /* Controls.swift */,
                A100000000000000000000C3 /* DataViz.swift */,
                A100000000000000000000C4 /* DesignSystemView.swift */,
                A100000000000000000000A7 /* Typography.swift */,
            );
            path = DesignSystem;
            sourceTree = "<group>";
        };
        A100000000000000000000C0 /* Fonts */ = {
            isa = PBXGroup;
            children = (
                A100000000000000000000A2 /* Nunito-Medium.ttf */,
                B71900000000000000000201 /* GoogleSans-OFL.txt */,
                B71900000000000000000200 /* GoogleSans.ttf */,
                A100000000000000000000A3 /* Nunito-SemiBold.ttf */,
                A100000000000000000000A4 /* Nunito-Bold.ttf */,
                A100000000000000000000A5 /* Nunito-ExtraBold.ttf */,
            );
            path = Fonts;
            sourceTree = "<group>";
        };
        A10000000000000000000031 /* Products */ = {
            isa = PBXGroup;
            children = (
                A10000000000000000000010 /* FitFight.app */,
                FF2026092000000000000004 /* FitFightNotificationService.appex */,
            );
            name = Products;
            sourceTree = "<group>";
        };
        A10000000000000000000032 = {
            isa = PBXGroup;
            children = (
                A10000000000000000000030 /* FitFight */,
                A10000000000000000000031 /* Products */,
                FF2026092000000000000008 /* FitFightNotificationService */,
            );
            sourceTree = "<group>";
        };
        FF2026092000000000000008 /* FitFightNotificationService */ = {isa = PBXGroup; children = (FF2026092000000000000002, FF2026092000000000000005, ); path = FitFightNotificationService; sourceTree = "<group>"; };
/* End PBXGroup section */

/* Begin PBXNativeTarget section */
        A10000000000000000000040 /* FitFight */ = {
            isa = PBXNativeTarget;
            buildConfigurationList = A10000000000000000000062 /* Build configuration list for PBXNativeTarget "FitFight" */;
            buildPhases = (
                A10000000000000000000050 /* Sources */,
                A10000000000000000000020 /* Frameworks */,
                A10000000000000000000051 /* Resources */,
                FF2026092000000000000007 /* Embed App Extensions */,
            );
            buildRules = (
            );
            dependencies = (
                FF202609200000000000000C,
            );
            name = FitFight;
            packageProductDependencies = (
                B71900000000000000000F01 /* GoogleSignIn */,
                A1000000000000000000F001 /* Supabase */,
                A1000000000000000000F011 /* PostHog */,
            );
            productName = FitFight;
            productReference = A10000000000000000000010 /* FitFight.app */;
            productType = "com.apple.product-type.application";
        };
        FF202609200000000000000A /* FitFightNotificationService */ = {isa = PBXNativeTarget; buildConfigurationList = FF202609200000000000000B; buildPhases = (FF2026092000000000000009, ); buildRules = (); dependencies = (); name = FitFightNotificationService; productName = FitFightNotificationService; productReference = FF2026092000000000000004; productType = "com.apple.product-type.app-extension"; };
/* End PBXNativeTarget section */

/* Begin PBXProject section */
        A10000000000000000000060 /* Project object */ = {
            isa = PBXProject;
            attributes = {
                BuildIndependentTargetsInParallel = 1;
                LastSwiftUpdateCheck = 1600;
                LastUpgradeCheck = 1600;
                TargetAttributes = {
                    A10000000000000000000040 = {
                        CreatedOnToolsVersion = 16.0;
                    };
                };
            };
            buildConfigurationList = A10000000000000000000061 /* Build configuration list for PBXProject "FitFight" */;
            compatibilityVersion = "Xcode 14.0";
            developmentRegion = en;
            hasScannedForEncodings = 0;
            knownRegions = (
                en,
                fr,
                Base,
            );
            mainGroup = A10000000000000000000032;
            packageReferences = (
                B71900000000000000000F00 /* XCRemoteSwiftPackageReference "GoogleSignIn-iOS" */,
                A1000000000000000000F000 /* XCRemoteSwiftPackageReference "supabase-swift" */,
                A1000000000000000000F010 /* XCRemoteSwiftPackageReference "posthog-ios" */,
            );
            productRefGroup = A10000000000000000000031 /* Products */;
            projectDirPath = "";
            projectRoot = "";
            targets = (
                A10000000000000000000040 /* FitFight */,
                FF202609200000000000000A /* FitFightNotificationService */,
            );
        };
/* End PBXProject section */

/* Begin PBXResourcesBuildPhase section */
        A10000000000000000000051 /* Resources */ = {
            isa = PBXResourcesBuildPhase;
            buildActionMask = 2147483647;
            files = (
                A10000000000000000000004 /* Assets.xcassets in Resources */,
                C10000000000000000000101 /* PreviewAssets.xcassets in Resources */,
                A1000000000000000000000A /* tokens.json in Resources */,
                A100000000000000000000B2 /* Nunito-Medium.ttf in Resources */,
                B71900000000000000000301 /* GoogleSans-OFL.txt in Resources */,
                B71900000000000000000300 /* GoogleSans.ttf in Resources */,
                A100000000000000000000B3 /* Nunito-SemiBold.ttf in Resources */,
                A100000000000000000000B4 /* Nunito-Bold.ttf in Resources */,
                A100000000000000000000B5 /* Nunito-ExtraBold.ttf in Resources */,
                A10000000000000000000322 /* PrivacyInfo.xcprivacy in Resources */,
                A10000000000000000000323 /* Localizable.xcstrings in Resources */,
                A10000000000000000000324 /* InfoPlist.xcstrings in Resources */,
            );
            runOnlyForDeploymentPostprocessing = 0;
        };
/* End PBXResourcesBuildPhase section */

/* Begin PBXSourcesBuildPhase section */
        A10000000000000000000050 /* Sources */ = {
            isa = PBXSourcesBuildPhase;
            buildActionMask = 2147483647;
            files = (
                C12109202600000000000001 /* SpecialPurchases.swift in Sources */,
                A10000000000000000000001 /* FitFightApp.swift in Sources */,
                A10000000000000000000002 /* ContentView.swift in Sources */,
                A10000000000000000000003 /* AppVersion.swift in Sources */,
                A10000000000000000000005 /* Changelog.swift in Sources */,
                A10000000000000000000006 /* VersionsView.swift in Sources */,
                A10000000000000000000431 /* NotificationSettingsView.swift in Sources */,
                A10000000000000000000007 /* Theme.swift in Sources */,
                A10000000000000000000008 /* Components.swift in Sources */,
                A10000000000000000000415 /* SlideHaptics.swift in Sources */,
                A100000000000000000000D5 /* AppChrome.swift in Sources */,
                A100000000000000000000D2 /* Controls.swift in Sources */,
                A100000000000000000000D3 /* DataViz.swift in Sources */,
                A100000000000000000000D4 /* DesignSystemView.swift in Sources */,
                A100000000000000000000B7 /* Typography.swift in Sources */,
                A10000000000000000000009 /* AppModel.swift in Sources */,
                A10000000000000000000403 /* CompanionPreview.swift in Sources */,
                A10000000000000000000401 /* CompanionViews.swift in Sources */,
                A10000000000000000000375 /* RemainingTime.swift in Sources */,
                A10000000000000000000377 /* DailyStatusRecapView.swift in Sources */,
                A1000000000000000000000B /* FightsListView.swift in Sources */,
                A1000000000000000000000C /* FightDetailView.swift in Sources */,
                A10000000000000000000369 /* FightDayCharts.swift in Sources */,
                A1000000000000000000000D /* NewFightView.swift in Sources */,
                A10000000000000000000423 /* EditFightView.swift in Sources */,
                A10000000000000000000427 /* FightComposer.swift in Sources */,
                A1000000000000000000000F /* YouView.swift in Sources */,
                A10000000000000000000341 /* RequestsView.swift in Sources */,
                A10000000000000000000021 /* ScreenshotExport.swift in Sources */,
                A10000000000000000000311 /* SupabaseConfig.swift in Sources */,
                A10000000000000000000315 /* BuildEnv.swift in Sources */,
                A10000000000000000000421 /* CrashReporting.swift in Sources */,
                A10000000000000000000316 /* APIConfig.swift in Sources */,
                A10000000000000000000317 /* FitFightAPI.swift in Sources */,
                B91700000000000000000001 /* AIWorkflowRequest.swift in Sources */,
                B91800000000000000000003 /* AICompanionView.swift in Sources */,
                B91800000000000000000001 /* AICompanionStore.swift in Sources */,
                A10000000000000000000389 /* FeedbackClientMetadata.swift in Sources */,
                A10000000000000000000351 /* Profile.swift in Sources */,
                923EA6A21D2D4018B21AFFD9 /* AppLocalization.swift in Sources */,
                68E2E713C10A455189C0B48A /* AccountPreferences.swift in Sources */,
                E8935CD58CBF4714874982FC /* PreferencesView.swift in Sources */,
                A0573E386FD2FA2A4A357CC4 /* SuggestedFightsOnboardingView.swift in Sources */,
                61856F7155495A28A4B93A60 /* FriendsView.swift in Sources */,
                99AAAB8BD6F184E568149D1D /* EditProfileView.swift in Sources */,
                5893F862B25C0EBA522F8DFA /* ProfileSheet.swift in Sources */,
                AA532C5D188C47359C573714 /* ProfileStepStatisticsView.swift in Sources */,
                C52EBF93D4D91888A73FA9FA /* ProfileScreenStore.swift in Sources */,
                093BD4214450F0E24E960170 /* SharedProfile.swift in Sources */,
                A10000000000000000000353 /* FightSnapshot.swift in Sources */,
                C87245427B08466399BDF753 /* FightLiveUpdates.swift in Sources */,
                A10000000000000000000361 /* Media.swift in Sources */,
                A10000000000000000000363 /* MediaUploader.swift in Sources */,
                A10000000000000000000411 /* RemoteImageCache.swift in Sources */,
                A10000000000000000000413 /* RemoteImage.swift in Sources */,
                A10000000000000000000365 /* FeedView.swift in Sources */,
                FB2026091621080000000001 /* FeedActivity.swift in Sources */,
                FB2026091702150000000001 /* FeedMention.swift in Sources */,
                A10000000000000000000433 /* TextTranslationButton.swift in Sources */,
                A10000000000000000000425 /* FeedbackTabView.swift in Sources */,
                A10000000000000000000379 /* PushNotificationService.swift in Sources */,
                A10000000000000000000381 /* NotificationOnboardingView.swift in Sources */,
                A10000000000000000000383 /* DebugMenuView.swift in Sources */,
                A10000000000000000000385 /* OnboardingPreviewView.swift in Sources */,
                A10000000000000000000417 /* SlideHapticsLabView.swift in Sources */,
                A10000000000000000000373 /* FightPostThread.swift in Sources */,
                A10000000000000000000367 /* HealthOnboardingView.swift in Sources */,
                A10000000000000000000312 /* SessionStore.swift in Sources */,
                A10000000000000000000313 /* AppleSignInControl.swift in Sources */,
                B71900000000000000000101 /* SignInControls.swift in Sources */,
                B71900000000000000000100 /* GoogleSignInConfig.swift in Sources */,
                A10000000000000000000319 /* WelcomeView.swift in Sources */,
                A1000000000000000000031B /* OnboardingView.swift in Sources */,
                A23000000000000000000004 /* OnboardingComponents.swift in Sources */,
                A23000000000000000000002 /* FirstFightOnboarding.swift in Sources */,
                A10000000000000000000314 /* HealthKitStepsStore.swift in Sources */,
                A1000000000000000000031C /* HealthKitStepAggregates.swift in Sources */,
                A10000000000000000000371 /* HealthKitActivityAggregates.swift in Sources */,
                A10000000000000000000332 /* HealthKitSyncTrace.swift in Sources */,
                A1000000000000000000031D /* HealthKitUploadState.swift in Sources */,
                A1000000000000000000031E /* HealthKitTUSUploader.swift in Sources */,
                A1000000000000000000031F /* AppUpdateChecker.swift in Sources */,
            );
            runOnlyForDeploymentPostprocessing = 0;
        };
        FF2026092000000000000009 /* Sources */ = {isa = PBXSourcesBuildPhase; buildActionMask = 2147483647; files = (FF2026092000000000000001, ); runOnlyForDeploymentPostprocessing = 0; };
/* End PBXSourcesBuildPhase section */

/* Begin PBXTargetDependency section */
        FF202609200000000000000C = {isa = PBXTargetDependency; target = FF202609200000000000000A; targetProxy = FF2026092000000000000006; };
/* End PBXTargetDependency section */

/* Begin XCBuildConfiguration section */
        A10000000000000000000070 /* Debug */ = {
            isa = XCBuildConfiguration;
            buildSettings = {
                ALWAYS_SEARCH_USER_PATHS = NO;
                ASSETCATALOG_COMPILER_GENERATE_SWIFT_ASSET_SYMBOL_EXTENSIONS = YES;
                CLANG_ANALYZER_NONNULL = YES;
                CLANG_ANALYZER_NUMBER_OBJECT_CONVERSION = YES_AGGRESSIVE;
                CLANG_CXX_LANGUAGE_STANDARD = "gnu++20";
                CLANG_ENABLE_MODULES = YES;
                CLANG_ENABLE_OBJC_ARC = YES;
                CLANG_ENABLE_OBJC_WEAK = YES;
                CLANG_WARN_BLOCK_CAPTURE_AUTORELEASING = YES;
                CLANG_WARN_BOOL_CONVERSION = YES;
                CLANG_WARN_COMMA = YES;
                CLANG_WARN_CONSTANT_CONVERSION = YES;
                CLANG_WARN_DEPRECATED_OBJC_IMPLEMENTATIONS = YES;
                CLANG_WARN_DIRECT_OBJC_ISA_USAGE = YES_ERROR;
                CLANG_WARN_DOCUMENTATION_COMMENTS = YES;
                CLANG_WARN_EMPTY_BODY = YES;
                CLANG_WARN_ENUM_CONVERSION = YES;
                CLANG_WARN_INFINITE_RECURSION = YES;
                CLANG_WARN_INT_CONVERSION = YES;
                CLANG_WARN_NON_LITERAL_NULL_CONVERSION = YES;
                CLANG_WARN_OBJC_IMPLICIT_RETAIN_SELF = YES;
                CLANG_WARN_OBJC_LITERAL_CONVERSION = YES;
                CLANG_WARN_OBJC_ROOT_CLASS = YES_ERROR;
                CLANG_WARN_QUOTED_INCLUDE_IN_FRAMEWORK_HEADER = YES;
                CLANG_WARN_RANGE_LOOP_ANALYSIS = YES;
                CLANG_WARN_STRICT_PROTOTYPES = YES;
                CLANG_WARN_SUSPICIOUS_MOVE = YES;
                CLANG_WARN_UNGUARDED_AVAILABILITY = YES_AGGRESSIVE;
                CLANG_WARN_UNREACHABLE_CODE = YES;
                CLANG_WARN__DUPLICATE_METHOD_MATCH = YES;
                COPY_PHASE_STRIP = NO;
                DEBUG_INFORMATION_FORMAT = dwarf;
                ENABLE_STRICT_OBJC_MSGSEND = YES;
                ENABLE_TESTABILITY = YES;
                ENABLE_USER_SCRIPT_SANDBOXING = YES;
                GCC_C_LANGUAGE_STANDARD = gnu17;
                GCC_DYNAMIC_NO_PIC = NO;
                GCC_NO_COMMON_BLOCKS = YES;
                GCC_OPTIMIZATION_LEVEL = 0;
                GCC_PREPROCESSOR_DEFINITIONS = (
                    "DEBUG=1",
                    "$(inherited)",
                );
                GCC_WARN_64_TO_32_BIT_CONVERSION = YES;
                GCC_WARN_ABOUT_RETURN_TYPE = YES_ERROR;
                GCC_WARN_UNDECLARED_SELECTOR = YES;
                GCC_WARN_UNINITIALIZED_AUTOS = YES_AGGRESSIVE;
                GCC_WARN_UNUSED_FUNCTION = YES;
                GCC_WARN_UNUSED_VARIABLE = YES;
                IPHONEOS_DEPLOYMENT_TARGET = 17.0;
                LOCALIZATION_PREFERS_STRING_CATALOGS = YES;
                MTL_ENABLE_DEBUG_INFO = INCLUDE_SOURCE;
                MTL_FAST_MATH = YES;
                ONLY_ACTIVE_ARCH = YES;
                SDKROOT = iphoneos;
                SWIFT_ACTIVE_COMPILATION_CONDITIONS = "DEBUG $(inherited)";
                SWIFT_OPTIMIZATION_LEVEL = -Onone;
            };
            name = Debug;
        };
        A10000000000000000000071 /* Release */ = {
            isa = XCBuildConfiguration;
            buildSettings = {
                ALWAYS_SEARCH_USER_PATHS = NO;
                ASSETCATALOG_COMPILER_GENERATE_SWIFT_ASSET_SYMBOL_EXTENSIONS = YES;
                CLANG_ANALYZER_NONNULL = YES;
                CLANG_ANALYZER_NUMBER_OBJECT_CONVERSION = YES_AGGRESSIVE;
                CLANG_CXX_LANGUAGE_STANDARD = "gnu++20";
                CLANG_ENABLE_MODULES = YES;
                CLANG_ENABLE_OBJC_ARC = YES;
                CLANG_ENABLE_OBJC_WEAK = YES;
                CLANG_WARN_BLOCK_CAPTURE_AUTORELEASING = YES;
                CLANG_WARN_BOOL_CONVERSION = YES;
                CLANG_WARN_COMMA = YES;
                CLANG_WARN_CONSTANT_CONVERSION = YES;
                CLANG_WARN_DEPRECATED_OBJC_IMPLEMENTATIONS = YES;
                CLANG_WARN_DIRECT_OBJC_ISA_USAGE = YES_ERROR;
                CLANG_WARN_DOCUMENTATION_COMMENTS = YES;
                CLANG_WARN_EMPTY_BODY = YES;
                CLANG_WARN_ENUM_CONVERSION = YES;
                CLANG_WARN_INFINITE_RECURSION = YES;
                CLANG_WARN_INT_CONVERSION = YES;
                CLANG_WARN_NON_LITERAL_NULL_CONVERSION = YES;
                CLANG_WARN_OBJC_IMPLICIT_RETAIN_SELF = YES;
                CLANG_WARN_OBJC_LITERAL_CONVERSION = YES;
                CLANG_WARN_OBJC_ROOT_CLASS = YES_ERROR;
                CLANG_WARN_QUOTED_INCLUDE_IN_FRAMEWORK_HEADER = YES;
                CLANG_WARN_RANGE_LOOP_ANALYSIS = YES;
                CLANG_WARN_STRICT_PROTOTYPES = YES;
                CLANG_WARN_SUSPICIOUS_MOVE = YES;
                CLANG_WARN_UNGUARDED_AVAILABILITY = YES_AGGRESSIVE;
                CLANG_WARN_UNREACHABLE_CODE = YES;
                CLANG_WARN__DUPLICATE_METHOD_MATCH = YES;
                COPY_PHASE_STRIP = NO;
                DEBUG_INFORMATION_FORMAT = "dwarf-with-dsym";
                ENABLE_NS_ASSERTIONS = NO;
                ENABLE_STRICT_OBJC_MSGSEND = YES;
                ENABLE_USER_SCRIPT_SANDBOXING = YES;
                GCC_C_LANGUAGE_STANDARD = gnu17;
                GCC_NO_COMMON_BLOCKS = YES;
                GCC_WARN_64_TO_32_BIT_CONVERSION = YES;
                GCC_WARN_ABOUT_RETURN_TYPE = YES_ERROR;
                GCC_WARN_UNDECLARED_SELECTOR = YES;
                GCC_WARN_UNINITIALIZED_AUTOS = YES_AGGRESSIVE;
                GCC_WARN_UNUSED_FUNCTION = YES;
                GCC_WARN_UNUSED_VARIABLE = YES;
                IPHONEOS_DEPLOYMENT_TARGET = 17.0;
                LOCALIZATION_PREFERS_STRING_CATALOGS = YES;
                MTL_ENABLE_DEBUG_INFO = NO;
                MTL_FAST_MATH = YES;
                SDKROOT = iphoneos;
                SWIFT_COMPILATION_MODE = wholemodule;
                SWIFT_OPTIMIZATION_LEVEL = -O;
                VALIDATE_PRODUCT = YES;
            };
            name = Release;
        };
        A10000000000000000000080 /* Debug */ = {
            isa = XCBuildConfiguration;
            buildSettings = {
                ASSETCATALOG_COMPILER_APPICON_NAME = AppIcon;
                ASSETCATALOG_COMPILER_GLOBAL_ACCENT_COLOR_NAME = AccentColor;
                CODE_SIGN_ENTITLEMENTS = FitFight/FitFight.entitlements;
                CODE_SIGN_STYLE = Automatic;
                CURRENT_PROJECT_VERSION = 1;
                DEVELOPMENT_TEAM = C92DPD8ME2;
                ENABLE_PREVIEWS = YES;
                GENERATE_INFOPLIST_FILE = YES;
                INFOPLIST_FILE = FitFight/Info.plist;
                INFOPLIST_KEY_CFBundleDisplayName = FitFight;
                INFOPLIST_KEY_ITSAppUsesNonExemptEncryption = NO;
                INFOPLIST_KEY_LSApplicationCategoryType = public.app-category.sports;
                INFOPLIST_KEY_NSCameraUsageDescription = "FitFight uses the camera so you can take a photo and attach it to a fight post.";
                INFOPLIST_KEY_NSHealthShareUsageDescription = "FitFight reads your Apple Health steps and other movement: energy, distance, exercise, stand, flights, and workouts. Steps fights share only your step totals with accepted participants. Other activity stays on your account until a future challenge type uses it.";
                INFOPLIST_KEY_NSHealthUpdateUsageDescription = "FitFight does not add to or change Apple Health. It only requests read-only access to the activity types in the read description.";
                INFOPLIST_KEY_UIApplicationSceneManifest_Generation = YES;
                INFOPLIST_KEY_UIApplicationSupportsIndirectInputEvents = YES;
                INFOPLIST_KEY_UIPrefersShowingLanguageSettings = YES;
                INFOPLIST_KEY_UILaunchScreen_Generation = YES;
                INFOPLIST_KEY_UISupportedInterfaceOrientations = UIInterfaceOrientationPortrait;
                INFOPLIST_KEY_UISupportedInterfaceOrientations_iPad = "UIInterfaceOrientationPortrait UIInterfaceOrientationPortraitUpsideDown UIInterfaceOrientationLandscapeLeft UIInterfaceOrientationLandscapeRight";
                LD_RUNPATH_SEARCH_PATHS = (
                    "$(inherited)",
                    "@executable_path/Frameworks",
                );
                MARKETING_VERSION = 1.1.2;
                PRODUCT_BUNDLE_IDENTIFIER = com.fitfight.mvp;
                PRODUCT_NAME = "$(TARGET_NAME)";
                SUPPORTED_PLATFORMS = "iphoneos iphonesimulator";
                SUPPORTS_MACCATALYST = NO;
                SWIFT_EMIT_LOC_STRINGS = YES;
                SWIFT_VERSION = 5.0;
                TARGETED_DEVICE_FAMILY = 1;
            };
            name = Debug;
        };
        A10000000000000000000081 /* Release */ = {
            isa = XCBuildConfiguration;
            buildSettings = {
                ASSETCATALOG_COMPILER_APPICON_NAME = AppIcon;
                ASSETCATALOG_COMPILER_GLOBAL_ACCENT_COLOR_NAME = AccentColor;
                CODE_SIGN_ENTITLEMENTS = FitFight/FitFight.entitlements;
                CODE_SIGN_STYLE = Automatic;
                CURRENT_PROJECT_VERSION = 1;
                DEVELOPMENT_TEAM = C92DPD8ME2;
                ENABLE_PREVIEWS = YES;
                EXCLUDED_SOURCE_FILE_NAMES = PreviewAssets.xcassets;
                GENERATE_INFOPLIST_FILE = YES;
                INFOPLIST_FILE = FitFight/Info.plist;
                INFOPLIST_KEY_CFBundleDisplayName = FitFight;
                INFOPLIST_KEY_ITSAppUsesNonExemptEncryption = NO;
                INFOPLIST_KEY_LSApplicationCategoryType = public.app-category.sports;
                INFOPLIST_KEY_NSCameraUsageDescription = "FitFight uses the camera so you can take a photo and attach it to a fight post.";
                INFOPLIST_KEY_NSHealthShareUsageDescription = "FitFight reads your Apple Health steps and other movement: energy, distance, exercise, stand, flights, and workouts. Steps fights share only your step totals with accepted participants. Other activity stays on your account until a future challenge type uses it.";
                INFOPLIST_KEY_NSHealthUpdateUsageDescription = "FitFight does not add to or change Apple Health. It only requests read-only access to the activity types in the read description.";
                INFOPLIST_KEY_UIApplicationSceneManifest_Generation = YES;
                INFOPLIST_KEY_UIApplicationSupportsIndirectInputEvents = YES;
                INFOPLIST_KEY_UIPrefersShowingLanguageSettings = YES;
                INFOPLIST_KEY_UILaunchScreen_Generation = YES;
                INFOPLIST_KEY_UISupportedInterfaceOrientations = UIInterfaceOrientationPortrait;
                INFOPLIST_KEY_UISupportedInterfaceOrientations_iPad = "UIInterfaceOrientationPortrait UIInterfaceOrientationPortraitUpsideDown UIInterfaceOrientationLandscapeLeft UIInterfaceOrientationLandscapeRight";
                LD_RUNPATH_SEARCH_PATHS = (
                    "$(inherited)",
                    "@executable_path/Frameworks",
                );
                MARKETING_VERSION = 1.1.2;
                PRODUCT_BUNDLE_IDENTIFIER = com.fitfight.mvp;
                PRODUCT_NAME = "$(TARGET_NAME)";
                SUPPORTED_PLATFORMS = "iphoneos iphonesimulator";
                SUPPORTS_MACCATALYST = NO;
                SWIFT_EMIT_LOC_STRINGS = YES;
                SWIFT_VERSION = 5.0;
                TARGETED_DEVICE_FAMILY = 1;
            };
            name = Release;
        };
        FF202609200000000000000D /* Debug */ = {isa = XCBuildConfiguration; buildSettings = {
            APPLICATION_EXTENSION_API_ONLY = YES;
            CODE_SIGN_STYLE = Automatic;
            CURRENT_PROJECT_VERSION = 1;
            DEVELOPMENT_TEAM = C92DPD8ME2;
            GENERATE_INFOPLIST_FILE = YES;
            INFOPLIST_FILE = FitFightNotificationService/Info.plist;
            IPHONEOS_DEPLOYMENT_TARGET = 18.0;
            LD_RUNPATH_SEARCH_PATHS = ("$(inherited)", "@executable_path/Frameworks", "@executable_path/../../Frameworks", );
            MARKETING_VERSION = 1.1.2;
            PRODUCT_BUNDLE_IDENTIFIER = com.fitfight.mvp.notifications;
            PRODUCT_NAME = "$(TARGET_NAME)";
            SKIP_INSTALL = YES;
            SUPPORTED_PLATFORMS = "iphoneos iphonesimulator";
            SWIFT_VERSION = 5.0;
            TARGETED_DEVICE_FAMILY = 1;
        }; name = Debug; };
        FF202609200000000000000E /* Release */ = {isa = XCBuildConfiguration; buildSettings = {
            APPLICATION_EXTENSION_API_ONLY = YES;
            CODE_SIGN_STYLE = Automatic;
            CURRENT_PROJECT_VERSION = 1;
            DEVELOPMENT_TEAM = C92DPD8ME2;
            GENERATE_INFOPLIST_FILE = YES;
            INFOPLIST_FILE = FitFightNotificationService/Info.plist;
            IPHONEOS_DEPLOYMENT_TARGET = 18.0;
            LD_RUNPATH_SEARCH_PATHS = ("$(inherited)", "@executable_path/Frameworks", "@executable_path/../../Frameworks", );
            MARKETING_VERSION = 1.1.2;
            PRODUCT_BUNDLE_IDENTIFIER = com.fitfight.mvp.notifications;
            PRODUCT_NAME = "$(TARGET_NAME)";
            SKIP_INSTALL = YES;
            SUPPORTED_PLATFORMS = "iphoneos iphonesimulator";
            SWIFT_VERSION = 5.0;
            TARGETED_DEVICE_FAMILY = 1;
        }; name = Release; };
/* End XCBuildConfiguration section */

/* Begin XCConfigurationList section */
        A10000000000000000000061 /* Build configuration list for PBXProject "FitFight" */ = {
            isa = XCConfigurationList;
            buildConfigurations = (
                A10000000000000000000070 /* Debug */,
                A10000000000000000000071 /* Release */,
            );
            defaultConfigurationIsVisible = 0;
            defaultConfigurationName = Release;
        };
        A10000000000000000000062 /* Build configuration list for PBXNativeTarget "FitFight" */ = {
            isa = XCConfigurationList;
            buildConfigurations = (
                A10000000000000000000080 /* Debug */,
                A10000000000000000000081 /* Release */,
            );
            defaultConfigurationIsVisible = 0;
            defaultConfigurationName = Release;
        };
        FF202609200000000000000B = {isa = XCConfigurationList; buildConfigurations = (FF202609200000000000000D, FF202609200000000000000E, ); defaultConfigurationIsVisible = 0; defaultConfigurationName = Release; };
/* End XCConfigurationList section */

/* Begin XCRemoteSwiftPackageReference section */
        A1000000000000000000F000 /* XCRemoteSwiftPackageReference "supabase-swift" */ = {
            isa = XCRemoteSwiftPackageReference;
            repositoryURL = "https://github.com/supabase/supabase-swift.git";
            requirement = {
                kind = upToNextMajorVersion;
                minimumVersion = 2.55.1;
            };
        };
        A1000000000000000000F010 /* XCRemoteSwiftPackageReference "posthog-ios" */ = {
            isa = XCRemoteSwiftPackageReference;
            repositoryURL = "https://github.com/PostHog/posthog-ios.git";
            requirement = {
                kind = upToNextMajorVersion;
                minimumVersion = 3.59.3;
            };
        };
        B71900000000000000000F00 /* XCRemoteSwiftPackageReference "GoogleSignIn-iOS" */ = {
            isa = XCRemoteSwiftPackageReference;
            repositoryURL = "https://github.com/google/GoogleSignIn-iOS.git";
            requirement = {
                kind = exactVersion;
                version = 9.2.0;
            };
        };
/* End XCRemoteSwiftPackageReference section */

/* Begin XCSwiftPackageProductDependency section */
        A1000000000000000000F001 /* Supabase */ = {
            isa = XCSwiftPackageProductDependency;
            package = A1000000000000000000F000 /* XCRemoteSwiftPackageReference "supabase-swift" */;
            productName = Supabase;
        };
        A1000000000000000000F011 /* PostHog */ = {
            isa = XCSwiftPackageProductDependency;
            package = A1000000000000000000F010 /* XCRemoteSwiftPackageReference "posthog-ios" */;
            productName = PostHog;
        };
        B71900000000000000000F01 /* GoogleSignIn */ = {
            isa = XCSwiftPackageProductDependency;
            package = B71900000000000000000F00 /* XCRemoteSwiftPackageReference "GoogleSignIn-iOS" */;
            productName = GoogleSignIn;
        };
/* End XCSwiftPackageProductDependency section */
    };
    rootObject = A10000000000000000000060 /* Project object */;
}
