// !$*UTF8*$!
{
	archiveVersion = 1;
	classes = {
	};
	objectVersion = 56;
	objects = {

/* Begin PBXBuildFile section */
		A10000000000000000000001 /* FitFightApp.swift in Sources */ = {isa = PBXBuildFile; fileRef = A10000000000000000000011 /* FitFightApp.swift */; };
		A10000000000000000000002 /* ContentView.swift in Sources */ = {isa = PBXBuildFile; fileRef = A10000000000000000000012 /* ContentView.swift */; };
		A10000000000000000000003 /* AppVersion.swift in Sources */ = {isa = PBXBuildFile; fileRef = A10000000000000000000013 /* AppVersion.swift */; };
		A10000000000000000000004 /* Assets.xcassets in Resources */ = {isa = PBXBuildFile; fileRef = A10000000000000000000014 /* Assets.xcassets */; };
		A10000000000000000000005 /* Changelog.swift in Sources */ = {isa = PBXBuildFile; fileRef = A10000000000000000000015 /* Changelog.swift */; };
		A10000000000000000000006 /* VersionsView.swift in Sources */ = {isa = PBXBuildFile; fileRef = A10000000000000000000016 /* VersionsView.swift */; };
		A10000000000000000000007 /* Theme.swift in Sources */ = {isa = PBXBuildFile; fileRef = A10000000000000000000017 /* Theme.swift */; };
		A10000000000000000000008 /* Components.swift in Sources */ = {isa = PBXBuildFile; fileRef = A10000000000000000000018 /* Components.swift */; };
		A100000000000000000000D5 /* AppChrome.swift in Sources */ = {isa = PBXBuildFile; fileRef = A100000000000000000000C5 /* AppChrome.swift */; };
		A100000000000000000000D2 /* Controls.swift in Sources */ = {isa = PBXBuildFile; fileRef = A100000000000000000000C2 /* Controls.swift */; };
		A100000000000000000000D3 /* DataViz.swift in Sources */ = {isa = PBXBuildFile; fileRef = A100000000000000000000C3 /* DataViz.swift */; };
		A100000000000000000000D4 /* DesignSystemView.swift in Sources */ = {isa = PBXBuildFile; fileRef = A100000000000000000000C4 /* DesignSystemView.swift */; };
		A10000000000000000000009 /* AppModel.swift in Sources */ = {isa = PBXBuildFile; fileRef = A10000000000000000000019 /* AppModel.swift */; };
		A1000000000000000000000A /* tokens.json in Resources */ = {isa = PBXBuildFile; fileRef = A1000000000000000000001A /* tokens.json */; };
		A1000000000000000000000B /* FightsListView.swift in Sources */ = {isa = PBXBuildFile; fileRef = A1000000000000000000001B /* FightsListView.swift */; };
		A1000000000000000000000C /* FightDetailView.swift in Sources */ = {isa = PBXBuildFile; fileRef = A1000000000000000000001C /* FightDetailView.swift */; };
		A1000000000000000000000D /* NewFightView.swift in Sources */ = {isa = PBXBuildFile; fileRef = A1000000000000000000001D /* NewFightView.swift */; };
		A1000000000000000000000F /* YouView.swift in Sources */ = {isa = PBXBuildFile; fileRef = A1000000000000000000001F /* YouView.swift */; };
		A10000000000000000000341 /* RequestsView.swift in Sources */ = {isa = PBXBuildFile; fileRef = A10000000000000000000340 /* RequestsView.swift */; };
		A10000000000000000000021 /* ScreenshotExport.swift in Sources */ = {isa = PBXBuildFile; fileRef = A10000000000000000000022 /* ScreenshotExport.swift */; };
		A100000000000000000000B2 /* Nunito-Medium.ttf in Resources */ = {isa = PBXBuildFile; fileRef = A100000000000000000000A2 /* Nunito-Medium.ttf */; };
		A100000000000000000000B3 /* Nunito-SemiBold.ttf in Resources */ = {isa = PBXBuildFile; fileRef = A100000000000000000000A3 /* Nunito-SemiBold.ttf */; };
		A100000000000000000000B4 /* Nunito-Bold.ttf in Resources */ = {isa = PBXBuildFile; fileRef = A100000000000000000000A4 /* Nunito-Bold.ttf */; };
		A100000000000000000000B5 /* Nunito-ExtraBold.ttf in Resources */ = {isa = PBXBuildFile; fileRef = A100000000000000000000A5 /* Nunito-ExtraBold.ttf */; };
		A100000000000000000000B7 /* Typography.swift in Sources */ = {isa = PBXBuildFile; fileRef = A100000000000000000000A7 /* Typography.swift */; };
		A10000000000000000000311 /* SupabaseConfig.swift in Sources */ = {isa = PBXBuildFile; fileRef = A10000000000000000000301 /* SupabaseConfig.swift */; };
		A10000000000000000000312 /* SessionStore.swift in Sources */ = {isa = PBXBuildFile; fileRef = A10000000000000000000302 /* SessionStore.swift */; };
		A10000000000000000000313 /* AppleSignInControl.swift in Sources */ = {isa = PBXBuildFile; fileRef = A10000000000000000000303 /* AppleSignInControl.swift */; };
		A10000000000000000000314 /* HealthKitStepsStore.swift in Sources */ = {isa = PBXBuildFile; fileRef = A10000000000000000000304 /* HealthKitStepsStore.swift */; };
		A10000000000000000000315 /* BuildEnv.swift in Sources */ = {isa = PBXBuildFile; fileRef = A10000000000000000000305 /* BuildEnv.swift */; };
		A10000000000000000000316 /* APIConfig.swift in Sources */ = {isa = PBXBuildFile; fileRef = A10000000000000000000306 /* APIConfig.swift */; };
		A10000000000000000000317 /* FitFightAPI.swift in Sources */ = {isa = PBXBuildFile; fileRef = A10000000000000000000307 /* FitFightAPI.swift */; };
		A10000000000000000000319 /* WelcomeView.swift in Sources */ = {isa = PBXBuildFile; fileRef = A10000000000000000000309 /* WelcomeView.swift */; };
		A1000000000000000000031B /* OnboardingView.swift in Sources */ = {isa = PBXBuildFile; fileRef = A1000000000000000000030B /* OnboardingView.swift */; };
		A1000000000000000000031C /* HealthKitStepAggregates.swift in Sources */ = {isa = PBXBuildFile; fileRef = A1000000000000000000030C /* HealthKitStepAggregates.swift */; };
		A1000000000000000000031D /* HealthKitUploadState.swift in Sources */ = {isa = PBXBuildFile; fileRef = A1000000000000000000030D /* HealthKitUploadState.swift */; };
		A1000000000000000000031E /* HealthKitTUSUploader.swift in Sources */ = {isa = PBXBuildFile; fileRef = A1000000000000000000030E /* HealthKitTUSUploader.swift */; };
		A1000000000000000000031F /* TestFlightUpdateChecker.swift in Sources */ = {isa = PBXBuildFile; fileRef = A1000000000000000000030F /* TestFlightUpdateChecker.swift */; };
		A10000000000000000000322 /* PrivacyInfo.xcprivacy in Resources */ = {isa = PBXBuildFile; fileRef = A10000000000000000000321 /* PrivacyInfo.xcprivacy */; };
		A10000000000000000000323 /* Localizable.xcstrings in Resources */ = {isa = PBXBuildFile; fileRef = A10000000000000000000325 /* Localizable.xcstrings */; };
		A10000000000000000000324 /* InfoPlist.xcstrings in Resources */ = {isa = PBXBuildFile; fileRef = A10000000000000000000326 /* InfoPlist.xcstrings */; };
		A1000000000000000000F002 /* Supabase in Frameworks */ = {isa = PBXBuildFile; productRef = A1000000000000000000F001 /* Supabase */; };
/* End PBXBuildFile section */

/* Begin PBXContainerItemProxy section */
/* End PBXContainerItemProxy section */

/* Begin PBXFileReference section */
		A10000000000000000000010 /* FitFight.app */ = {isa = PBXFileReference; explicitFileType = wrapper.application; includeInIndex = 0; path = FitFight.app; sourceTree = BUILT_PRODUCTS_DIR; };
		A10000000000000000000011 /* FitFightApp.swift */ = {isa = PBXFileReference; lastKnownFileType = sourcecode.swift; path = FitFightApp.swift; sourceTree = "<group>"; };
		A10000000000000000000012 /* ContentView.swift */ = {isa = PBXFileReference; lastKnownFileType = sourcecode.swift; path = ContentView.swift; sourceTree = "<group>"; };
		A10000000000000000000013 /* AppVersion.swift */ = {isa = PBXFileReference; lastKnownFileType = sourcecode.swift; path = AppVersion.swift; sourceTree = "<group>"; };
		A10000000000000000000014 /* Assets.xcassets */ = {isa = PBXFileReference; lastKnownFileType = folder.assetcatalog; path = Assets.xcassets; sourceTree = "<group>"; };
		A10000000000000000000015 /* Changelog.swift */ = {isa = PBXFileReference; lastKnownFileType = sourcecode.swift; path = Changelog.swift; sourceTree = "<group>"; };
		A10000000000000000000016 /* VersionsView.swift */ = {isa = PBXFileReference; lastKnownFileType = sourcecode.swift; path = VersionsView.swift; sourceTree = "<group>"; };
		A10000000000000000000017 /* Theme.swift */ = {isa = PBXFileReference; lastKnownFileType = sourcecode.swift; path = Theme.swift; sourceTree = "<group>"; };
		A10000000000000000000018 /* Components.swift */ = {isa = PBXFileReference; lastKnownFileType = sourcecode.swift; path = Components.swift; sourceTree = "<group>"; };
		A100000000000000000000C5 /* AppChrome.swift */ = {isa = PBXFileReference; lastKnownFileType = sourcecode.swift; path = AppChrome.swift; sourceTree = "<group>"; };
		A100000000000000000000C2 /* Controls.swift */ = {isa = PBXFileReference; lastKnownFileType = sourcecode.swift; path = Controls.swift; sourceTree = "<group>"; };
		A100000000000000000000C3 /* DataViz.swift */ = {isa = PBXFileReference; lastKnownFileType = sourcecode.swift; path = DataViz.swift; sourceTree = "<group>"; };
		A100000000000000000000C4 /* DesignSystemView.swift */ = {isa = PBXFileReference; lastKnownFileType = sourcecode.swift; path = DesignSystemView.swift; sourceTree = "<group>"; };
		A10000000000000000000019 /* AppModel.swift */ = {isa = PBXFileReference; lastKnownFileType = sourcecode.swift; path = AppModel.swift; sourceTree = "<group>"; };
		A1000000000000000000001A /* tokens.json */ = {isa = PBXFileReference; lastKnownFileType = text.json; path = tokens.json; sourceTree = "<group>"; };
		A1000000000000000000001B /* FightsListView.swift */ = {isa = PBXFileReference; lastKnownFileType = sourcecode.swift; path = FightsListView.swift; sourceTree = "<group>"; };
		A1000000000000000000001C /* FightDetailView.swift */ = {isa = PBXFileReference; lastKnownFileType = sourcecode.swift; path = FightDetailView.swift; sourceTree = "<group>"; };
		A1000000000000000000001D /* NewFightView.swift */ = {isa = PBXFileReference; lastKnownFileType = sourcecode.swift; path = NewFightView.swift; sourceTree = "<group>"; };
		A1000000000000000000001F /* YouView.swift */ = {isa = PBXFileReference; lastKnownFileType = sourcecode.swift; path = YouView.swift; sourceTree = "<group>"; };
		A10000000000000000000340 /* RequestsView.swift */ = {isa = PBXFileReference; lastKnownFileType = sourcecode.swift; path = RequestsView.swift; sourceTree = "<group>"; };
		A10000000000000000000022 /* ScreenshotExport.swift */ = {isa = PBXFileReference; lastKnownFileType = sourcecode.swift; path = ScreenshotExport.swift; sourceTree = "<group>"; };
		A100000000000000000000A2 /* Nunito-Medium.ttf */ = {isa = PBXFileReference; lastKnownFileType = file; path = Nunito-Medium.ttf; sourceTree = "<group>"; };
		A100000000000000000000A3 /* Nunito-SemiBold.ttf */ = {isa = PBXFileReference; lastKnownFileType = file; path = Nunito-SemiBold.ttf; sourceTree = "<group>"; };
		A100000000000000000000A4 /* Nunito-Bold.ttf */ = {isa = PBXFileReference; lastKnownFileType = file; path = Nunito-Bold.ttf; sourceTree = "<group>"; };
		A100000000000000000000A5 /* Nunito-ExtraBold.ttf */ = {isa = PBXFileReference; lastKnownFileType = file; path = Nunito-ExtraBold.ttf; sourceTree = "<group>"; };
		A100000000000000000000A7 /* Typography.swift */ = {isa = PBXFileReference; lastKnownFileType = sourcecode.swift; path = Typography.swift; sourceTree = "<group>"; };
		A10000000000000000000301 /* SupabaseConfig.swift */ = {isa = PBXFileReference; lastKnownFileType = sourcecode.swift; path = SupabaseConfig.swift; sourceTree = "<group>"; };
		A10000000000000000000302 /* SessionStore.swift */ = {isa = PBXFileReference; lastKnownFileType = sourcecode.swift; path = SessionStore.swift; sourceTree = "<group>"; };
		A10000000000000000000303 /* AppleSignInControl.swift */ = {isa = PBXFileReference; lastKnownFileType = sourcecode.swift; path = AppleSignInControl.swift; sourceTree = "<group>"; };
		A10000000000000000000304 /* HealthKitStepsStore.swift */ = {isa = PBXFileReference; lastKnownFileType = sourcecode.swift; path = HealthKitStepsStore.swift; sourceTree = "<group>"; };
		A10000000000000000000305 /* BuildEnv.swift */ = {isa = PBXFileReference; lastKnownFileType = sourcecode.swift; path = Generated/BuildEnv.swift; sourceTree = "<group>"; };
		A10000000000000000000306 /* APIConfig.swift */ = {isa = PBXFileReference; lastKnownFileType = sourcecode.swift; path = APIConfig.swift; sourceTree = "<group>"; };
		A10000000000000000000307 /* FitFightAPI.swift */ = {isa = PBXFileReference; lastKnownFileType = sourcecode.swift; path = FitFightAPI.swift; sourceTree = "<group>"; };
		A10000000000000000000309 /* WelcomeView.swift */ = {isa = PBXFileReference; lastKnownFileType = sourcecode.swift; path = WelcomeView.swift; sourceTree = "<group>"; };
		A1000000000000000000030B /* OnboardingView.swift */ = {isa = PBXFileReference; lastKnownFileType = sourcecode.swift; path = OnboardingView.swift; sourceTree = "<group>"; };
		A1000000000000000000030C /* HealthKitStepAggregates.swift */ = {isa = PBXFileReference; lastKnownFileType = sourcecode.swift; path = HealthKitStepAggregates.swift; sourceTree = "<group>"; };
		A1000000000000000000030D /* HealthKitUploadState.swift */ = {isa = PBXFileReference; lastKnownFileType = sourcecode.swift; path = HealthKitUploadState.swift; sourceTree = "<group>"; };
		A1000000000000000000030E /* HealthKitTUSUploader.swift */ = {isa = PBXFileReference; lastKnownFileType = sourcecode.swift; path = HealthKitTUSUploader.swift; sourceTree = "<group>"; };
		A1000000000000000000030F /* TestFlightUpdateChecker.swift */ = {isa = PBXFileReference; lastKnownFileType = sourcecode.swift; path = TestFlightUpdateChecker.swift; sourceTree = "<group>"; };
		A10000000000000000000320 /* FitFight.entitlements */ = {isa = PBXFileReference; lastKnownFileType = text.plist.entitlements; path = FitFight.entitlements; sourceTree = "<group>"; };
		A10000000000000000000321 /* PrivacyInfo.xcprivacy */ = {isa = PBXFileReference; lastKnownFileType = text.xml; path = PrivacyInfo.xcprivacy; sourceTree = "<group>"; };
		A10000000000000000000325 /* Localizable.xcstrings */ = {isa = PBXFileReference; lastKnownFileType = text.json.xcstrings; path = Localizable.xcstrings; sourceTree = "<group>"; };
		A10000000000000000000326 /* InfoPlist.xcstrings */ = {isa = PBXFileReference; lastKnownFileType = text.json.xcstrings; path = InfoPlist.xcstrings; sourceTree = "<group>"; };
/* End PBXFileReference section */

/* Begin PBXFrameworksBuildPhase section */
		A10000000000000000000020 /* Frameworks */ = {
			isa = PBXFrameworksBuildPhase;
			buildActionMask = 2147483647;
			files = (
				A1000000000000000000F002 /* Supabase in Frameworks */,
			);
			runOnlyForDeploymentPostprocessing = 0;
		};
/* End PBXFrameworksBuildPhase section */

/* Begin PBXGroup section */
		A10000000000000000000030 /* FitFight */ = {
			isa = PBXGroup;
			children = (
				A10000000000000000000011 /* FitFightApp.swift */,
				A10000000000000000000012 /* ContentView.swift */,
				A10000000000000000000019 /* AppModel.swift */,
				A1000000000000000000001B /* FightsListView.swift */,
				A1000000000000000000001C /* FightDetailView.swift */,
				A1000000000000000000001D /* NewFightView.swift */,
				A1000000000000000000001F /* YouView.swift */,
				A10000000000000000000340 /* RequestsView.swift */,
				A10000000000000000000301 /* SupabaseConfig.swift */,
				A10000000000000000000305 /* BuildEnv.swift */,
				A10000000000000000000306 /* APIConfig.swift */,
				A10000000000000000000307 /* FitFightAPI.swift */,
				A10000000000000000000302 /* SessionStore.swift */,
				A10000000000000000000303 /* AppleSignInControl.swift */,
				A10000000000000000000309 /* WelcomeView.swift */,
				A1000000000000000000030B /* OnboardingView.swift */,
				A10000000000000000000304 /* HealthKitStepsStore.swift */,
				A1000000000000000000030C /* HealthKitStepAggregates.swift */,
				A1000000000000000000030D /* HealthKitUploadState.swift */,
				A1000000000000000000030E /* HealthKitTUSUploader.swift */,
				A10000000000000000000013 /* AppVersion.swift */,
				A1000000000000000000030F /* TestFlightUpdateChecker.swift */,
				A10000000000000000000015 /* Changelog.swift */,
				A10000000000000000000016 /* VersionsView.swift */,
				A10000000000000000000022 /* ScreenshotExport.swift */,
				A10000000000000000000320 /* FitFight.entitlements */,
				A10000000000000000000321 /* PrivacyInfo.xcprivacy */,
				A10000000000000000000325 /* Localizable.xcstrings */,
				A10000000000000000000326 /* InfoPlist.xcstrings */,
				A10000000000000000000033 /* DesignSystem */,
				A100000000000000000000C0 /* Fonts */,
				A10000000000000000000014 /* Assets.xcassets */,
			);
			path = FitFight;
			sourceTree = "<group>";
		};
		A10000000000000000000033 /* DesignSystem */ = {
			isa = PBXGroup;
			children = (
				A1000000000000000000001A /* tokens.json */,
				A10000000000000000000017 /* Theme.swift */,
				A10000000000000000000018 /* Components.swift */,
				A100000000000000000000C5 /* AppChrome.swift */,
				A100000000000000000000C2 /* Controls.swift */,
				A100000000000000000000C3 /* DataViz.swift */,
				A100000000000000000000C4 /* DesignSystemView.swift */,
				A100000000000000000000A7 /* Typography.swift */,
			);
			path = DesignSystem;
			sourceTree = "<group>";
		};
		A100000000000000000000C0 /* Fonts */ = {
			isa = PBXGroup;
			children = (
				A100000000000000000000A2 /* Nunito-Medium.ttf */,
				A100000000000000000000A3 /* Nunito-SemiBold.ttf */,
				A100000000000000000000A4 /* Nunito-Bold.ttf */,
				A100000000000000000000A5 /* Nunito-ExtraBold.ttf */,
			);
			path = Fonts;
			sourceTree = "<group>";
		};
		A10000000000000000000031 /* Products */ = {
			isa = PBXGroup;
			children = (
				A10000000000000000000010 /* FitFight.app */,
			);
			name = Products;
			sourceTree = "<group>";
		};
		A10000000000000000000032 = {
			isa = PBXGroup;
			children = (
				A10000000000000000000030 /* FitFight */,
				A10000000000000000000031 /* Products */,
			);
			sourceTree = "<group>";
		};
/* End PBXGroup section */

/* Begin PBXNativeTarget section */
		A10000000000000000000040 /* FitFight */ = {
			isa = PBXNativeTarget;
			buildConfigurationList = A10000000000000000000062 /* Build configuration list for PBXNativeTarget "FitFight" */;
			buildPhases = (
				A10000000000000000000050 /* Sources */,
				A10000000000000000000020 /* Frameworks */,
				A10000000000000000000051 /* Resources */,
			);
			buildRules = (
			);
			dependencies = (
			);
			name = FitFight;
			packageProductDependencies = (
				A1000000000000000000F001 /* Supabase */,
			);
			productName = FitFight;
			productReference = A10000000000000000000010 /* FitFight.app */;
			productType = "com.apple.product-type.application";
		};
/* End PBXNativeTarget section */

/* Begin PBXProject section */
		A10000000000000000000060 /* Project object */ = {
			isa = PBXProject;
			attributes = {
				BuildIndependentTargetsInParallel = 1;
				LastSwiftUpdateCheck = 1600;
				LastUpgradeCheck = 1600;
				TargetAttributes = {
					A10000000000000000000040 = {
						CreatedOnToolsVersion = 16.0;
					};
				};
			};
			buildConfigurationList = A10000000000000000000061 /* Build configuration list for PBXProject "FitFight" */;
			compatibilityVersion = "Xcode 14.0";
			developmentRegion = en;
			hasScannedForEncodings = 0;
			knownRegions = (
				en,
				fr,
				Base,
			);
			mainGroup = A10000000000000000000032;
			packageReferences = (
				A1000000000000000000F000 /* XCRemoteSwiftPackageReference "supabase-swift" */,
			);
			productRefGroup = A10000000000000000000031 /* Products */;
			projectDirPath = "";
			projectRoot = "";
			targets = (
				A10000000000000000000040 /* FitFight */,
			);
		};
/* End PBXProject section */

/* Begin PBXResourcesBuildPhase section */
		A10000000000000000000051 /* Resources */ = {
			isa = PBXResourcesBuildPhase;
			buildActionMask = 2147483647;
			files = (
				A10000000000000000000004 /* Assets.xcassets in Resources */,
				A1000000000000000000000A /* tokens.json in Resources */,
				A100000000000000000000B2 /* Nunito-Medium.ttf in Resources */,
				A100000000000000000000B3 /* Nunito-SemiBold.ttf in Resources */,
				A100000000000000000000B4 /* Nunito-Bold.ttf in Resources */,
				A100000000000000000000B5 /* Nunito-ExtraBold.ttf in Resources */,
				A10000000000000000000322 /* PrivacyInfo.xcprivacy in Resources */,
				A10000000000000000000323 /* Localizable.xcstrings in Resources */,
				A10000000000000000000324 /* InfoPlist.xcstrings in Resources */,
			);
			runOnlyForDeploymentPostprocessing = 0;
		};
/* End PBXResourcesBuildPhase section */

/* Begin PBXSourcesBuildPhase section */
		A10000000000000000000050 /* Sources */ = {
			isa = PBXSourcesBuildPhase;
			buildActionMask = 2147483647;
			files = (
				A10000000000000000000001 /* FitFightApp.swift in Sources */,
				A10000000000000000000002 /* ContentView.swift in Sources */,
				A10000000000000000000003 /* AppVersion.swift in Sources */,
				A10000000000000000000005 /* Changelog.swift in Sources */,
				A10000000000000000000006 /* VersionsView.swift in Sources */,
				A10000000000000000000007 /* Theme.swift in Sources */,
				A10000000000000000000008 /* Components.swift in Sources */,
				A100000000000000000000D5 /* AppChrome.swift in Sources */,
				A100000000000000000000D2 /* Controls.swift in Sources */,
				A100000000000000000000D3 /* DataViz.swift in Sources */,
				A100000000000000000000D4 /* DesignSystemView.swift in Sources */,
				A100000000000000000000B7 /* Typography.swift in Sources */,
				A10000000000000000000009 /* AppModel.swift in Sources */,
				A1000000000000000000000B /* FightsListView.swift in Sources */,
				A1000000000000000000000C /* FightDetailView.swift in Sources */,
				A1000000000000000000000D /* NewFightView.swift in Sources */,
				A1000000000000000000000F /* YouView.swift in Sources */,
				A10000000000000000000341 /* RequestsView.swift in Sources */,
				A10000000000000000000021 /* ScreenshotExport.swift in Sources */,
				A10000000000000000000311 /* SupabaseConfig.swift in Sources */,
				A10000000000000000000315 /* BuildEnv.swift in Sources */,
				A10000000000000000000316 /* APIConfig.swift in Sources */,
				A10000000000000000000317 /* FitFightAPI.swift in Sources */,
				A10000000000000000000312 /* SessionStore.swift in Sources */,
				A10000000000000000000313 /* AppleSignInControl.swift in Sources */,
				A10000000000000000000319 /* WelcomeView.swift in Sources */,
				A1000000000000000000031B /* OnboardingView.swift in Sources */,
				A10000000000000000000314 /* HealthKitStepsStore.swift in Sources */,
				A1000000000000000000031C /* HealthKitStepAggregates.swift in Sources */,
				A1000000000000000000031D /* HealthKitUploadState.swift in Sources */,
				A1000000000000000000031E /* HealthKitTUSUploader.swift in Sources */,
				A1000000000000000000031F /* TestFlightUpdateChecker.swift in Sources */,
			);
			runOnlyForDeploymentPostprocessing = 0;
		};
/* End PBXSourcesBuildPhase section */

/* Begin PBXTargetDependency section */
/* End PBXTargetDependency section */

/* Begin XCBuildConfiguration section */
		A10000000000000000000070 /* Debug */ = {
			isa = XCBuildConfiguration;
			buildSettings = {
				ALWAYS_SEARCH_USER_PATHS = NO;
				ASSETCATALOG_COMPILER_GENERATE_SWIFT_ASSET_SYMBOL_EXTENSIONS = YES;
				CLANG_ANALYZER_NONNULL = YES;
				CLANG_ANALYZER_NUMBER_OBJECT_CONVERSION = YES_AGGRESSIVE;
				CLANG_CXX_LANGUAGE_STANDARD = "gnu++20";
				CLANG_ENABLE_MODULES = YES;
				CLANG_ENABLE_OBJC_ARC = YES;
				CLANG_ENABLE_OBJC_WEAK = YES;
				CLANG_WARN_BLOCK_CAPTURE_AUTORELEASING = YES;
				CLANG_WARN_BOOL_CONVERSION = YES;
				CLANG_WARN_COMMA = YES;
				CLANG_WARN_CONSTANT_CONVERSION = YES;
				CLANG_WARN_DEPRECATED_OBJC_IMPLEMENTATIONS = YES;
				CLANG_WARN_DIRECT_OBJC_ISA_USAGE = YES_ERROR;
				CLANG_WARN_DOCUMENTATION_COMMENTS = YES;
				CLANG_WARN_EMPTY_BODY = YES;
				CLANG_WARN_ENUM_CONVERSION = YES;
				CLANG_WARN_INFINITE_RECURSION = YES;
				CLANG_WARN_INT_CONVERSION = YES;
				CLANG_WARN_NON_LITERAL_NULL_CONVERSION = YES;
				CLANG_WARN_OBJC_IMPLICIT_RETAIN_SELF = YES;
				CLANG_WARN_OBJC_LITERAL_CONVERSION = YES;
				CLANG_WARN_OBJC_ROOT_CLASS = YES_ERROR;
				CLANG_WARN_QUOTED_INCLUDE_IN_FRAMEWORK_HEADER = YES;
				CLANG_WARN_RANGE_LOOP_ANALYSIS = YES;
				CLANG_WARN_STRICT_PROTOTYPES = YES;
				CLANG_WARN_SUSPICIOUS_MOVE = YES;
				CLANG_WARN_UNGUARDED_AVAILABILITY = YES_AGGRESSIVE;
				CLANG_WARN_UNREACHABLE_CODE = YES;
				CLANG_WARN__DUPLICATE_METHOD_MATCH = YES;
				COPY_PHASE_STRIP = NO;
				DEBUG_INFORMATION_FORMAT = dwarf;
				ENABLE_STRICT_OBJC_MSGSEND = YES;
				ENABLE_TESTABILITY = YES;
				ENABLE_USER_SCRIPT_SANDBOXING = YES;
				GCC_C_LANGUAGE_STANDARD = gnu17;
				GCC_DYNAMIC_NO_PIC = NO;
				GCC_NO_COMMON_BLOCKS = YES;
				GCC_OPTIMIZATION_LEVEL = 0;
				GCC_PREPROCESSOR_DEFINITIONS = (
					"DEBUG=1",
					"$(inherited)",
				);
				GCC_WARN_64_TO_32_BIT_CONVERSION = YES;
				GCC_WARN_ABOUT_RETURN_TYPE = YES_ERROR;
				GCC_WARN_UNDECLARED_SELECTOR = YES;
				GCC_WARN_UNINITIALIZED_AUTOS = YES_AGGRESSIVE;
				GCC_WARN_UNUSED_FUNCTION = YES;
				GCC_WARN_UNUSED_VARIABLE = YES;
				IPHONEOS_DEPLOYMENT_TARGET = 17.0;
				LOCALIZATION_PREFERS_STRING_CATALOGS = YES;
				MTL_ENABLE_DEBUG_INFO = INCLUDE_SOURCE;
				MTL_FAST_MATH = YES;
				ONLY_ACTIVE_ARCH = YES;
				SDKROOT = iphoneos;
				SWIFT_ACTIVE_COMPILATION_CONDITIONS = "DEBUG $(inherited)";
				SWIFT_OPTIMIZATION_LEVEL = -Onone;
			};
			name = Debug;
		};
		A10000000000000000000071 /* Release */ = {
			isa = XCBuildConfiguration;
			buildSettings = {
				ALWAYS_SEARCH_USER_PATHS = NO;
				ASSETCATALOG_COMPILER_GENERATE_SWIFT_ASSET_SYMBOL_EXTENSIONS = YES;
				CLANG_ANALYZER_NONNULL = YES;
				CLANG_ANALYZER_NUMBER_OBJECT_CONVERSION = YES_AGGRESSIVE;
				CLANG_CXX_LANGUAGE_STANDARD = "gnu++20";
				CLANG_ENABLE_MODULES = YES;
				CLANG_ENABLE_OBJC_ARC = YES;
				CLANG_ENABLE_OBJC_WEAK = YES;
				CLANG_WARN_BLOCK_CAPTURE_AUTORELEASING = YES;
				CLANG_WARN_BOOL_CONVERSION = YES;
				CLANG_WARN_COMMA = YES;
				CLANG_WARN_CONSTANT_CONVERSION = YES;
				CLANG_WARN_DEPRECATED_OBJC_IMPLEMENTATIONS = YES;
				CLANG_WARN_DIRECT_OBJC_ISA_USAGE = YES_ERROR;
				CLANG_WARN_DOCUMENTATION_COMMENTS = YES;
				CLANG_WARN_EMPTY_BODY = YES;
				CLANG_WARN_ENUM_CONVERSION = YES;
				CLANG_WARN_INFINITE_RECURSION = YES;
				CLANG_WARN_INT_CONVERSION = YES;
				CLANG_WARN_NON_LITERAL_NULL_CONVERSION = YES;
				CLANG_WARN_OBJC_IMPLICIT_RETAIN_SELF = YES;
				CLANG_WARN_OBJC_LITERAL_CONVERSION = YES;
				CLANG_WARN_OBJC_ROOT_CLASS = YES_ERROR;
				CLANG_WARN_QUOTED_INCLUDE_IN_FRAMEWORK_HEADER = YES;
				CLANG_WARN_RANGE_LOOP_ANALYSIS = YES;
				CLANG_WARN_STRICT_PROTOTYPES = YES;
				CLANG_WARN_SUSPICIOUS_MOVE = YES;
				CLANG_WARN_UNGUARDED_AVAILABILITY = YES_AGGRESSIVE;
				CLANG_WARN_UNREACHABLE_CODE = YES;
				CLANG_WARN__DUPLICATE_METHOD_MATCH = YES;
				COPY_PHASE_STRIP = NO;
				DEBUG_INFORMATION_FORMAT = "dwarf-with-dsym";
				ENABLE_NS_ASSERTIONS = NO;
				ENABLE_STRICT_OBJC_MSGSEND = YES;
				ENABLE_USER_SCRIPT_SANDBOXING = YES;
				GCC_C_LANGUAGE_STANDARD = gnu17;
				GCC_NO_COMMON_BLOCKS = YES;
				GCC_WARN_64_TO_32_BIT_CONVERSION = YES;
				GCC_WARN_ABOUT_RETURN_TYPE = YES_ERROR;
				GCC_WARN_UNDECLARED_SELECTOR = YES;
				GCC_WARN_UNINITIALIZED_AUTOS = YES_AGGRESSIVE;
				GCC_WARN_UNUSED_FUNCTION = YES;
				GCC_WARN_UNUSED_VARIABLE = YES;
				IPHONEOS_DEPLOYMENT_TARGET = 17.0;
				LOCALIZATION_PREFERS_STRING_CATALOGS = YES;
				MTL_ENABLE_DEBUG_INFO = NO;
				MTL_FAST_MATH = YES;
				SDKROOT = iphoneos;
				SWIFT_COMPILATION_MODE = wholemodule;
				SWIFT_OPTIMIZATION_LEVEL = -O;
				VALIDATE_PRODUCT = YES;
			};
			name = Release;
		};
		A10000000000000000000080 /* Debug */ = {
			isa = XCBuildConfiguration;
			buildSettings = {
				ASSETCATALOG_COMPILER_APPICON_NAME = AppIcon;
				ASSETCATALOG_COMPILER_GLOBAL_ACCENT_COLOR_NAME = AccentColor;
				CODE_SIGN_ENTITLEMENTS = FitFight/FitFight.entitlements;
				CODE_SIGN_STYLE = Automatic;
				CURRENT_PROJECT_VERSION = 1;
				DEVELOPMENT_TEAM = C92DPD8ME2;
				ENABLE_PREVIEWS = YES;
				GENERATE_INFOPLIST_FILE = YES;
				INFOPLIST_KEY_CFBundleDisplayName = FitFight;
				INFOPLIST_KEY_ITSAppUsesNonExemptEncryption = NO;
				INFOPLIST_KEY_LSApplicationCategoryType = public.app-category.sports;
				INFOPLIST_KEY_NSHealthShareUsageDescription = "FitFight reads and uploads your Apple Health step count to score Steps fights. Accepted participants see your Fight total, relevant daily totals, and rank.";
				INFOPLIST_KEY_NSHealthUpdateUsageDescription = "FitFight does not add to or change Apple Health. It only requests read-only access to your step count for Steps fights.";
				INFOPLIST_KEY_UIApplicationSceneManifest_Generation = YES;
				INFOPLIST_KEY_UIApplicationSupportsIndirectInputEvents = YES;
				INFOPLIST_KEY_UIPrefersShowingLanguageSettings = YES;
				INFOPLIST_KEY_UILaunchScreen_Generation = YES;
				INFOPLIST_KEY_UISupportedInterfaceOrientations = UIInterfaceOrientationPortrait;
				INFOPLIST_KEY_UISupportedInterfaceOrientations_iPad = "UIInterfaceOrientationPortrait UIInterfaceOrientationPortraitUpsideDown UIInterfaceOrientationLandscapeLeft UIInterfaceOrientationLandscapeRight";
				LD_RUNPATH_SEARCH_PATHS = (
					"$(inherited)",
					"@executable_path/Frameworks",
				);
				MARKETING_VERSION = 1.0.0;
				PRODUCT_BUNDLE_IDENTIFIER = com.fitfight.mvp;
				PRODUCT_NAME = "$(TARGET_NAME)";
				SUPPORTED_PLATFORMS = "iphoneos iphonesimulator";
				SUPPORTS_MACCATALYST = NO;
				SWIFT_EMIT_LOC_STRINGS = YES;
				SWIFT_VERSION = 5.0;
				TARGETED_DEVICE_FAMILY = 1;
			};
			name = Debug;
		};
		A10000000000000000000081 /* Release */ = {
			isa = XCBuildConfiguration;
			buildSettings = {
				ASSETCATALOG_COMPILER_APPICON_NAME = AppIcon;
				ASSETCATALOG_COMPILER_GLOBAL_ACCENT_COLOR_NAME = AccentColor;
				CODE_SIGN_ENTITLEMENTS = FitFight/FitFight.entitlements;
				CODE_SIGN_STYLE = Automatic;
				CURRENT_PROJECT_VERSION = 1;
				DEVELOPMENT_TEAM = C92DPD8ME2;
				ENABLE_PREVIEWS = YES;
				GENERATE_INFOPLIST_FILE = YES;
				INFOPLIST_KEY_CFBundleDisplayName = FitFight;
				INFOPLIST_KEY_ITSAppUsesNonExemptEncryption = NO;
				INFOPLIST_KEY_LSApplicationCategoryType = public.app-category.sports;
				INFOPLIST_KEY_NSHealthShareUsageDescription = "FitFight reads and uploads your Apple Health step count to score Steps fights. Accepted participants see your Fight total, relevant daily totals, and rank.";
				INFOPLIST_KEY_NSHealthUpdateUsageDescription = "FitFight does not add to or change Apple Health. It only requests read-only access to your step count for Steps fights.";
				INFOPLIST_KEY_UIApplicationSceneManifest_Generation = YES;
				INFOPLIST_KEY_UIApplicationSupportsIndirectInputEvents = YES;
				INFOPLIST_KEY_UIPrefersShowingLanguageSettings = YES;
				INFOPLIST_KEY_UILaunchScreen_Generation = YES;
				INFOPLIST_KEY_UISupportedInterfaceOrientations = UIInterfaceOrientationPortrait;
				INFOPLIST_KEY_UISupportedInterfaceOrientations_iPad = "UIInterfaceOrientationPortrait UIInterfaceOrientationPortraitUpsideDown UIInterfaceOrientationLandscapeLeft UIInterfaceOrientationLandscapeRight";
				LD_RUNPATH_SEARCH_PATHS = (
					"$(inherited)",
					"@executable_path/Frameworks",
				);
				MARKETING_VERSION = 1.0.0;
				PRODUCT_BUNDLE_IDENTIFIER = com.fitfight.mvp;
				PRODUCT_NAME = "$(TARGET_NAME)";
				SUPPORTED_PLATFORMS = "iphoneos iphonesimulator";
				SUPPORTS_MACCATALYST = NO;
				SWIFT_EMIT_LOC_STRINGS = YES;
				SWIFT_VERSION = 5.0;
				TARGETED_DEVICE_FAMILY = 1;
			};
			name = Release;
		};
/* End XCBuildConfiguration section */

/* Begin XCConfigurationList section */
		A10000000000000000000061 /* Build configuration list for PBXProject "FitFight" */ = {
			isa = XCConfigurationList;
			buildConfigurations = (
				A10000000000000000000070 /* Debug */,
				A10000000000000000000071 /* Release */,
			);
			defaultConfigurationIsVisible = 0;
			defaultConfigurationName = Release;
		};
		A10000000000000000000062 /* Build configuration list for PBXNativeTarget "FitFight" */ = {
			isa = XCConfigurationList;
			buildConfigurations = (
				A10000000000000000000080 /* Debug */,
				A10000000000000000000081 /* Release */,
			);
			defaultConfigurationIsVisible = 0;
			defaultConfigurationName = Release;
		};
/* End XCConfigurationList section */

/* Begin XCRemoteSwiftPackageReference section */
		A1000000000000000000F000 /* XCRemoteSwiftPackageReference "supabase-swift" */ = {
			isa = XCRemoteSwiftPackageReference;
			repositoryURL = "https://github.com/supabase/supabase-swift.git";
			requirement = {
				kind = upToNextMajorVersion;
				minimumVersion = 2.55.1;
			};
		};
/* End XCRemoteSwiftPackageReference section */

/* Begin XCSwiftPackageProductDependency section */
		A1000000000000000000F001 /* Supabase */ = {
			isa = XCSwiftPackageProductDependency;
			package = A1000000000000000000F000 /* XCRemoteSwiftPackageReference "supabase-swift" */;
			productName = Supabase;
		};
/* End XCSwiftPackageProductDependency section */
	};
	rootObject = A10000000000000000000060 /* Project object */;
}
